// !$*UTF8*$!
{
	archiveVersion = 1;
	classes = {
	};
	objectVersion = 48;
	objects = {

/* Begin PBXBuildFile section */
		381F963A206CC3B4008E8284 /* AppDelegate.m in Sources */ = {isa = PBXBuildFile; fileRef = 381F9639206CC3B4008E8284 /* AppDelegate.m */; };
		381F9642206CC3B4008E8284 /* Assets.xcassets in Resources */ = {isa = PBXBuildFile; fileRef = 381F9641206CC3B4008E8284 /* Assets.xcassets */; };
		381F9645206CC3B4008E8284 /* LaunchScreen.storyboard in Resources */ = {isa = PBXBuildFile; fileRef = 381F9643206CC3B4008E8284 /* LaunchScreen.storyboard */; };
		381F9648206CC3B4008E8284 /* main.m in Sources */ = {isa = PBXBuildFile; fileRef = 381F9647206CC3B4008E8284 /* main.m */; };
		381F966A206CC7D5008E8284 /* PSLaunchViewController.m in Sources */ = {isa = PBXBuildFile; fileRef = 381F9669206CC7D5008E8284 /* PSLaunchViewController.m */; };
		381F966C206CC7F1008E8284 /* PSLaunchViewController.storyboard in Resources */ = {isa = PBXBuildFile; fileRef = 381F966B206CC7F1008E8284 /* PSLaunchViewController.storyboard */; };
		381F9672206CCC8F008E8284 /* PSBaseViewController.m in Sources */ = {isa = PBXBuildFile; fileRef = 381F9665206CC5B1008E8284 /* PSBaseViewController.m */; };
		381F9681206CD676008E8284 /* PSRegisterViewController.m in Sources */ = {isa = PBXBuildFile; fileRef = 381F967F206CD676008E8284 /* PSRegisterViewController.m */; };
		381F968A206D16FF008E8284 /* PSLoginViewController.m in Sources */ = {isa = PBXBuildFile; fileRef = 381F9689206D16FF008E8284 /* PSLoginViewController.m */; };
		381F9692206D35FB008E8284 /* PSMain.storyboard in Resources */ = {isa = PBXBuildFile; fileRef = 381F9691206D35FB008E8284 /* PSMain.storyboard */; };
		381F9695206D3812008E8284 /* PSMainTabBarController.m in Sources */ = {isa = PBXBuildFile; fileRef = 381F9694206D3812008E8284 /* PSMainTabBarController.m */; };
		381F969E206D5A3C008E8284 /* PSMeViewController.m in Sources */ = {isa = PBXBuildFile; fileRef = 381F969D206D5A3C008E8284 /* PSMeViewController.m */; };
		381F96A1206D5A58008E8284 /* PSMeTableView.m in Sources */ = {isa = PBXBuildFile; fileRef = 381F96A0206D5A58008E8284 /* PSMeTableView.m */; };
		381F96A7206DEE49008E8284 /* PSMeHeaderTableViewCell.m in Sources */ = {isa = PBXBuildFile; fileRef = 381F96A5206DEE49008E8284 /* PSMeHeaderTableViewCell.m */; };
		381F96A8206DEE49008E8284 /* PSMeHeaderTableViewCell.xib in Resources */ = {isa = PBXBuildFile; fileRef = 381F96A6206DEE49008E8284 /* PSMeHeaderTableViewCell.xib */; };
		381F96B220711964008E8284 /* PSShopCartTableViewCell.m in Sources */ = {isa = PBXBuildFile; fileRef = 381F96B020711964008E8284 /* PSShopCartTableViewCell.m */; };
		381F96B320711964008E8284 /* PSShopCartTableViewCell.xib in Resources */ = {isa = PBXBuildFile; fileRef = 381F96B120711964008E8284 /* PSShopCartTableViewCell.xib */; };
		381F96B6207119AF008E8284 /* PSShopCartListViewController.m in Sources */ = {isa = PBXBuildFile; fileRef = 381F96B5207119AF008E8284 /* PSShopCartListViewController.m */; };
		381F96BF2071421C008E8284 /* PSShopCartShopDetailViewController.m in Sources */ = {isa = PBXBuildFile; fileRef = 381F96BD2071421C008E8284 /* PSShopCartShopDetailViewController.m */; };
		381F96C02071421C008E8284 /* PSShopCartShopDetailViewController.xib in Resources */ = {isa = PBXBuildFile; fileRef = 381F96BE2071421C008E8284 /* PSShopCartShopDetailViewController.xib */; };
		381F96C420714263008E8284 /* PSShopCartGoodsDetailViewController.m in Sources */ = {isa = PBXBuildFile; fileRef = 381F96C220714263008E8284 /* PSShopCartGoodsDetailViewController.m */; };
		381F96C520714263008E8284 /* PSShopCartGoodsDetailViewController.xib in Resources */ = {isa = PBXBuildFile; fileRef = 381F96C320714263008E8284 /* PSShopCartGoodsDetailViewController.xib */; };
		381F96CE2071FAC8008E8284 /* PSShowGroundViewController.m in Sources */ = {isa = PBXBuildFile; fileRef = 381F96CD2071FAC8008E8284 /* PSShowGroundViewController.m */; };
		381F96D12071FADD008E8284 /* PSMyShowViewController.m in Sources */ = {isa = PBXBuildFile; fileRef = 381F96D02071FADD008E8284 /* PSMyShowViewController.m */; };
		381F96D52071FD06008E8284 /* PSShowGroundCell.m in Sources */ = {isa = PBXBuildFile; fileRef = 381F96D32071FD06008E8284 /* PSShowGroundCell.m */; };
		381F96D62071FD06008E8284 /* PSShowGroundCell.xib in Resources */ = {isa = PBXBuildFile; fileRef = 381F96D42071FD06008E8284 /* PSShowGroundCell.xib */; };
		383EAF7C207DF0E3009E57CE /* UIImageView+WebCache.m in Sources */ = {isa = PBXBuildFile; fileRef = 38FC3930207BCA1C00FD055F /* UIImageView+WebCache.m */; };
		383EAF7D207DF105009E57CE /* SDWebImageManager.m in Sources */ = {isa = PBXBuildFile; fileRef = 38FC390D207BCA1C00FD055F /* SDWebImageManager.m */; };
		383EAF7E207DF11D009E57CE /* SDImageCache.m in Sources */ = {isa = PBXBuildFile; fileRef = 38FC3929207BCA1C00FD055F /* SDImageCache.m */; };
		383EAF7F207DF136009E57CE /* SDWebImageCoder.m in Sources */ = {isa = PBXBuildFile; fileRef = 38FC3924207BCA1C00FD055F /* SDWebImageCoder.m */; };
		383EAF80207DF13F009E57CE /* SDImageCacheConfig.m in Sources */ = {isa = PBXBuildFile; fileRef = 38FC3935207BCA1C00FD055F /* SDImageCacheConfig.m */; };
		383EAF81207DF161009E57CE /* SDWebImageDownloader.m in Sources */ = {isa = PBXBuildFile; fileRef = 38FC3918207BCA1C00FD055F /* SDWebImageDownloader.m */; };
		383EAF82207DF16F009E57CE /* SDWebImageCodersManager.m in Sources */ = {isa = PBXBuildFile; fileRef = 38FC3914207BCA1C00FD055F /* SDWebImageCodersManager.m */; };
		383EAF83207DF18F009E57CE /* SDWebImageCoderHelper.m in Sources */ = {isa = PBXBuildFile; fileRef = 38FC391E207BCA1C00FD055F /* SDWebImageCoderHelper.m */; };
		383EAF84207DF18F009E57CE /* SDWebImageCompat.m in Sources */ = {isa = PBXBuildFile; fileRef = 38FC391F207BCA1C00FD055F /* SDWebImageCompat.m */; };
		383EAF85207DF1A9009E57CE /* SDWebImageDownloaderOperation.m in Sources */ = {isa = PBXBuildFile; fileRef = 38FC392C207BCA1C00FD055F /* SDWebImageDownloaderOperation.m */; };
		383EAF86207DF1E5009E57CE /* SDWebImageImageIOCoder.m in Sources */ = {isa = PBXBuildFile; fileRef = 38FC393B207BCA1C00FD055F /* SDWebImageImageIOCoder.m */; };
		383EAF87207DF1ED009E57CE /* SDWebImageFrame.m in Sources */ = {isa = PBXBuildFile; fileRef = 38FC3910207BCA1C00FD055F /* SDWebImageFrame.m */; };
		383EAF88207DF291009E57CE /* UIView+WebCacheOperation.m in Sources */ = {isa = PBXBuildFile; fileRef = 38FC3938207BCA1C00FD055F /* UIView+WebCacheOperation.m */; };
		383EAF89207DF291009E57CE /* UIView+WebCache.m in Sources */ = {isa = PBXBuildFile; fileRef = 38FC3939207BCA1C00FD055F /* UIView+WebCache.m */; };
		383EAF8A207DF708009E57CE /* NSData+ImageContentType.m in Sources */ = {isa = PBXBuildFile; fileRef = 38FC392F207BCA1C00FD055F /* NSData+ImageContentType.m */; };
		383EAF8D207E2017009E57CE /* PSHomeProductListItem.m in Sources */ = {isa = PBXBuildFile; fileRef = 383EAF8C207E2017009E57CE /* PSHomeProductListItem.m */; };
		383FFF4020731A8D000E8631 /* SVProgressHUD.bundle in Resources */ = {isa = PBXBuildFile; fileRef = 383FFF3E20731A04000E8631 /* SVProgressHUD.bundle */; };
		383FFF4220731AE2000E8631 /* QuartzCore.framework in Frameworks */ = {isa = PBXBuildFile; fileRef = 383FFF4120731AE2000E8631 /* QuartzCore.framework */; };
		383FFF4420731E14000E8631 /* SVProgressHUD.m in Sources */ = {isa = PBXBuildFile; fileRef = 383FFF3C20731A04000E8631 /* SVProgressHUD.m */; };
		383FFF4520731E43000E8631 /* SVRadialGradientLayer.m in Sources */ = {isa = PBXBuildFile; fileRef = 383FFF3620731A04000E8631 /* SVRadialGradientLayer.m */; };
		383FFF4620731E4E000E8631 /* SVProgressAnimatedView.m in Sources */ = {isa = PBXBuildFile; fileRef = 383FFF3920731A04000E8631 /* SVProgressAnimatedView.m */; };
		383FFF4720731E57000E8631 /* SVIndefiniteAnimatedView.m in Sources */ = {isa = PBXBuildFile; fileRef = 383FFF3D20731A04000E8631 /* SVIndefiniteAnimatedView.m */; };
		383FFF4A20737104000E8631 /* PSLoginWithPasswordViewController.m in Sources */ = {isa = PBXBuildFile; fileRef = 383FFF4920737104000E8631 /* PSLoginWithPasswordViewController.m */; };
		38F2A20420727DEF00F80D92 /* libz.tbd in Frameworks */ = {isa = PBXBuildFile; fileRef = 38F2A20320727DEF00F80D92 /* libz.tbd */; };
		38F2A20620727DFA00F80D92 /* libicucore.tbd in Frameworks */ = {isa = PBXBuildFile; fileRef = 38F2A20520727DFA00F80D92 /* libicucore.tbd */; };
		38F2A20820727E0300F80D92 /* MessageUI.framework in Frameworks */ = {isa = PBXBuildFile; fileRef = 38F2A20720727E0300F80D92 /* MessageUI.framework */; };
		38F2A20A20727E0B00F80D92 /* JavaScriptCore.framework in Frameworks */ = {isa = PBXBuildFile; fileRef = 38F2A20920727E0B00F80D92 /* JavaScriptCore.framework */; };
		38F2A20C20727E1400F80D92 /* libstdc++.tbd in Frameworks */ = {isa = PBXBuildFile; fileRef = 38F2A20B20727E1400F80D92 /* libstdc++.tbd */; };
		38F2A20E20727E1E00F80D92 /* SystemConfiguration.framework in Frameworks */ = {isa = PBXBuildFile; fileRef = 38F2A20D20727E1E00F80D92 /* SystemConfiguration.framework */; };
		38F2A21020727E2800F80D92 /* CoreTelephony.framework in Frameworks */ = {isa = PBXBuildFile; fileRef = 38F2A20F20727E2800F80D92 /* CoreTelephony.framework */; };
		38F2A21220727E3000F80D92 /* AdSupport.framework in Frameworks */ = {isa = PBXBuildFile; fileRef = 38F2A21120727E3000F80D92 /* AdSupport.framework */; };
		38F2A2132072823300F80D92 /* SMS_SDK.framework in Frameworks */ = {isa = PBXBuildFile; fileRef = 38F2A1FF20727D2600F80D92 /* SMS_SDK.framework */; };
		38F2A2142072823600F80D92 /* MOBFoundation.framework in Frameworks */ = {isa = PBXBuildFile; fileRef = 38F2A20120727D2600F80D92 /* MOBFoundation.framework */; };
		38FC37642073DD5300FD055F /* PSUserPageHeaderView.m in Sources */ = {isa = PBXBuildFile; fileRef = 38FC37632073DD5300FD055F /* PSUserPageHeaderView.m */; };
		38FC376A2074791A00FD055F /* PSUserPageViewController.m in Sources */ = {isa = PBXBuildFile; fileRef = 38FC37682074791A00FD055F /* PSUserPageViewController.m */; };
		38FC376B2074791A00FD055F /* PSUserPageViewController.xib in Resources */ = {isa = PBXBuildFile; fileRef = 38FC37692074791A00FD055F /* PSUserPageViewController.xib */; };
		38FC377220748A1800FD055F /* PSUserPageListFollowCell.m in Sources */ = {isa = PBXBuildFile; fileRef = 38FC377020748A1800FD055F /* PSUserPageListFollowCell.m */; };
		38FC377320748A1800FD055F /* PSUserPageListFollowCell.xib in Resources */ = {isa = PBXBuildFile; fileRef = 38FC377120748A1800FD055F /* PSUserPageListFollowCell.xib */; };
		38FC37792074A04E00FD055F /* PSUserPageList.m in Sources */ = {isa = PBXBuildFile; fileRef = 38FC37782074A04E00FD055F /* PSUserPageList.m */; };
		38FC37A12077581700FD055F /* PSShareView.m in Sources */ = {isa = PBXBuildFile; fileRef = 38FC37A02077581700FD055F /* PSShareView.m */; };
		38FC37A82077CA5600FD055F /* PSShareCollectionViewCell.m in Sources */ = {isa = PBXBuildFile; fileRef = 38FC37A62077CA5600FD055F /* PSShareCollectionViewCell.m */; };
		38FC37A92077CA5600FD055F /* PSShareCollectionViewCell.xib in Resources */ = {isa = PBXBuildFile; fileRef = 38FC37A72077CA5600FD055F /* PSShareCollectionViewCell.xib */; };
		38FC37AC2077ECE200FD055F /* PSShareItem.m in Sources */ = {isa = PBXBuildFile; fileRef = 38FC37AB2077ECE200FD055F /* PSShareItem.m */; };
		38FC37CA2077F5A300FD055F /* libsqlite3.tbd in Frameworks */ = {isa = PBXBuildFile; fileRef = 38FC37C92077F5A300FD055F /* libsqlite3.tbd */; };
		38FC37CC2077F5AA00FD055F /* ImageIO.framework in Frameworks */ = {isa = PBXBuildFile; fileRef = 38FC37CB2077F5AA00FD055F /* ImageIO.framework */; };
		38FC38762077FF0C00FD055F /* ShareSDK.framework in Frameworks */ = {isa = PBXBuildFile; fileRef = 38FC38732077FEFF00FD055F /* ShareSDK.framework */; };
		38FC38772077FF1400FD055F /* ShareSDKConnector.framework in Frameworks */ = {isa = PBXBuildFile; fileRef = 38FC38642077FEFF00FD055F /* ShareSDKConnector.framework */; };
		38FC38782077FF2500FD055F /* TencentOpenAPI.framework in Frameworks */ = {isa = PBXBuildFile; fileRef = 38FC38622077FEFF00FD055F /* TencentOpenAPI.framework */; };
		38FC38792078015000FD055F /* libWeiboSDK.a in Frameworks */ = {isa = PBXBuildFile; fileRef = 38FC38582077FEFF00FD055F /* libWeiboSDK.a */; };
		38FC387A2078015500FD055F /* libWeChatSDK.a in Frameworks */ = {isa = PBXBuildFile; fileRef = 38FC38602077FEFF00FD055F /* libWeChatSDK.a */; };
		38FC387B2078994E00FD055F /* ShareSDKUI.framework in Frameworks */ = {isa = PBXBuildFile; fileRef = 38FC386A2077FEFF00FD055F /* ShareSDKUI.framework */; };
		38FC38EA2079E48800FD055F /* PSNetoperation.m in Sources */ = {isa = PBXBuildFile; fileRef = 38FC38E92079E48800FD055F /* PSNetoperation.m */; };
		38FC38EB2079E77100FD055F /* AFURLResponseSerialization.m in Sources */ = {isa = PBXBuildFile; fileRef = 38FC38DF2079E45400FD055F /* AFURLResponseSerialization.m */; };
		38FC38EC2079E77100FD055F /* AFHTTPSessionManager.m in Sources */ = {isa = PBXBuildFile; fileRef = 38FC38E02079E45400FD055F /* AFHTTPSessionManager.m */; };
		38FC38ED2079E77F00FD055F /* AFNetworkReachabilityManager.m in Sources */ = {isa = PBXBuildFile; fileRef = 38FC38E52079E45400FD055F /* AFNetworkReachabilityManager.m */; };
		38FC38EE2079E77F00FD055F /* AFSecurityPolicy.m in Sources */ = {isa = PBXBuildFile; fileRef = 38FC38E62079E45400FD055F /* AFSecurityPolicy.m */; };
		38FC38EF2079E78F00FD055F /* AFURLSessionManager.m in Sources */ = {isa = PBXBuildFile; fileRef = 38FC38E22079E45400FD055F /* AFURLSessionManager.m */; };
		38FC38F02079E78F00FD055F /* AFURLRequestSerialization.m in Sources */ = {isa = PBXBuildFile; fileRef = 38FC38E32079E45400FD055F /* AFURLRequestSerialization.m */; };
		38FC38F4207B4F1B00FD055F /* PSUserManager.m in Sources */ = {isa = PBXBuildFile; fileRef = 38FC38F3207B4F1B00FD055F /* PSUserManager.m */; };
		38FC3901207BC06400FD055F /* PSHomeCarousel.m in Sources */ = {isa = PBXBuildFile; fileRef = 38FC38FF207BC06400FD055F /* PSHomeCarousel.m */; };
		38FC3902207BC06400FD055F /* PSHomeCarousel.xib in Resources */ = {isa = PBXBuildFile; fileRef = 38FC3900207BC06400FD055F /* PSHomeCarousel.xib */; };
		38FC394A207C899C00FD055F /* PSHomeViewController.m in Sources */ = {isa = PBXBuildFile; fileRef = 38FC3949207C899C00FD055F /* PSHomeViewController.m */; };
		38FC394D207D030A00FD055F /* LaunchTour.mp4 in Resources */ = {isa = PBXBuildFile; fileRef = 38FC394C207D029900FD055F /* LaunchTour.mp4 */; };
		38FC3951207D074900FD055F /* PSButton.m in Sources */ = {isa = PBXBuildFile; fileRef = 38FC3950207D074900FD055F /* PSButton.m */; };
		38FC3955207D227C00FD055F /* PSHomeGoodsCell.m in Sources */ = {isa = PBXBuildFile; fileRef = 38FC3953207D227C00FD055F /* PSHomeGoodsCell.m */; };
		38FC3956207D227C00FD055F /* PSHomeGoodsCell.xib in Resources */ = {isa = PBXBuildFile; fileRef = 38FC3954207D227C00FD055F /* PSHomeGoodsCell.xib */; };
		38FC3959207D39F200FD055F /* PSFancyBtn.m in Sources */ = {isa = PBXBuildFile; fileRef = 38FC3958207D39F200FD055F /* PSFancyBtn.m */; };
		38FC395C207DC04900FD055F /* PSHomeCarouselItem.m in Sources */ = {isa = PBXBuildFile; fileRef = 38FC395B207DC04900FD055F /* PSHomeCarouselItem.m */; };
/* End PBXBuildFile section */

/* Begin PBXFileReference section */
		381F9635206CC3B4008E8284 /* PandoraSecret.app */ = {isa = PBXFileReference; explicitFileType = wrapper.application; includeInIndex = 0; path = PandoraSecret.app; sourceTree = BUILT_PRODUCTS_DIR; };
		381F9638206CC3B4008E8284 /* AppDelegate.h */ = {isa = PBXFileReference; lastKnownFileType = sourcecode.c.h; path = AppDelegate.h; sourceTree = "<group>"; };
		381F9639206CC3B4008E8284 /* AppDelegate.m */ = {isa = PBXFileReference; lastKnownFileType = sourcecode.c.objc; path = AppDelegate.m; sourceTree = "<group>"; };
		381F9641206CC3B4008E8284 /* Assets.xcassets */ = {isa = PBXFileReference; lastKnownFileType = folder.assetcatalog; path = Assets.xcassets; sourceTree = "<group>"; };
		381F9644206CC3B4008E8284 /* Base */ = {isa = PBXFileReference; lastKnownFileType = file.storyboard; name = Base; path = Base.lproj/LaunchScreen.storyboard; sourceTree = "<group>"; };
		381F9646206CC3B4008E8284 /* Info.plist */ = {isa = PBXFileReference; lastKnownFileType = text.plist.xml; path = Info.plist; sourceTree = "<group>"; };
		381F9647206CC3B4008E8284 /* main.m */ = {isa = PBXFileReference; lastKnownFileType = sourcecode.c.objc; path = main.m; sourceTree = "<group>"; };
		381F9664206CC5B1008E8284 /* PSBaseViewController.h */ = {isa = PBXFileReference; lastKnownFileType = sourcecode.c.h; path = PSBaseViewController.h; sourceTree = "<group>"; };
		381F9665206CC5B1008E8284 /* PSBaseViewController.m */ = {isa = PBXFileReference; lastKnownFileType = sourcecode.c.objc; path = PSBaseViewController.m; sourceTree = "<group>"; };
		381F9668206CC7D5008E8284 /* PSLaunchViewController.h */ = {isa = PBXFileReference; lastKnownFileType = sourcecode.c.h; path = PSLaunchViewController.h; sourceTree = "<group>"; };
		381F9669206CC7D5008E8284 /* PSLaunchViewController.m */ = {isa = PBXFileReference; lastKnownFileType = sourcecode.c.objc; path = PSLaunchViewController.m; sourceTree = "<group>"; };
		381F966B206CC7F1008E8284 /* PSLaunchViewController.storyboard */ = {isa = PBXFileReference; lastKnownFileType = file.storyboard; path = PSLaunchViewController.storyboard; sourceTree = "<group>"; };
		381F967E206CD676008E8284 /* PSRegisterViewController.h */ = {isa = PBXFileReference; lastKnownFileType = sourcecode.c.h; path = PSRegisterViewController.h; sourceTree = "<group>"; };
		381F967F206CD676008E8284 /* PSRegisterViewController.m */ = {isa = PBXFileReference; lastKnownFileType = sourcecode.c.objc; path = PSRegisterViewController.m; sourceTree = "<group>"; };
		381F9688206D16FF008E8284 /* PSLoginViewController.h */ = {isa = PBXFileReference; lastKnownFileType = sourcecode.c.h; path = PSLoginViewController.h; sourceTree = "<group>"; };
		381F9689206D16FF008E8284 /* PSLoginViewController.m */ = {isa = PBXFileReference; lastKnownFileType = sourcecode.c.objc; path = PSLoginViewController.m; sourceTree = "<group>"; };
		381F9691206D35FB008E8284 /* PSMain.storyboard */ = {isa = PBXFileReference; lastKnownFileType = file.storyboard; path = PSMain.storyboard; sourceTree = "<group>"; };
		381F9693206D3812008E8284 /* PSMainTabBarController.h */ = {isa = PBXFileReference; lastKnownFileType = sourcecode.c.h; path = PSMainTabBarController.h; sourceTree = "<group>"; };
		381F9694206D3812008E8284 /* PSMainTabBarController.m */ = {isa = PBXFileReference; lastKnownFileType = sourcecode.c.objc; path = PSMainTabBarController.m; sourceTree = "<group>"; };
		381F969C206D5A3C008E8284 /* PSMeViewController.h */ = {isa = PBXFileReference; lastKnownFileType = sourcecode.c.h; path = PSMeViewController.h; sourceTree = "<group>"; };
		381F969D206D5A3C008E8284 /* PSMeViewController.m */ = {isa = PBXFileReference; lastKnownFileType = sourcecode.c.objc; path = PSMeViewController.m; sourceTree = "<group>"; };
		381F969F206D5A58008E8284 /* PSMeTableView.h */ = {isa = PBXFileReference; lastKnownFileType = sourcecode.c.h; path = PSMeTableView.h; sourceTree = "<group>"; };
		381F96A0206D5A58008E8284 /* PSMeTableView.m */ = {isa = PBXFileReference; lastKnownFileType = sourcecode.c.objc; path = PSMeTableView.m; sourceTree = "<group>"; };
		381F96A3206DEA7F008E8284 /* Macro.pch */ = {isa = PBXFileReference; lastKnownFileType = sourcecode.c.h; path = Macro.pch; sourceTree = "<group>"; };
		381F96A4206DEE49008E8284 /* PSMeHeaderTableViewCell.h */ = {isa = PBXFileReference; lastKnownFileType = sourcecode.c.h; path = PSMeHeaderTableViewCell.h; sourceTree = "<group>"; };
		381F96A5206DEE49008E8284 /* PSMeHeaderTableViewCell.m */ = {isa = PBXFileReference; lastKnownFileType = sourcecode.c.objc; path = PSMeHeaderTableViewCell.m; sourceTree = "<group>"; };
		381F96A6206DEE49008E8284 /* PSMeHeaderTableViewCell.xib */ = {isa = PBXFileReference; lastKnownFileType = file.xib; path = PSMeHeaderTableViewCell.xib; sourceTree = "<group>"; };
		381F96AF20711964008E8284 /* PSShopCartTableViewCell.h */ = {isa = PBXFileReference; lastKnownFileType = sourcecode.c.h; path = PSShopCartTableViewCell.h; sourceTree = "<group>"; };
		381F96B020711964008E8284 /* PSShopCartTableViewCell.m */ = {isa = PBXFileReference; lastKnownFileType = sourcecode.c.objc; path = PSShopCartTableViewCell.m; sourceTree = "<group>"; };
		381F96B120711964008E8284 /* PSShopCartTableViewCell.xib */ = {isa = PBXFileReference; lastKnownFileType = file.xib; path = PSShopCartTableViewCell.xib; sourceTree = "<group>"; };
		381F96B4207119AF008E8284 /* PSShopCartListViewController.h */ = {isa = PBXFileReference; lastKnownFileType = sourcecode.c.h; path = PSShopCartListViewController.h; sourceTree = "<group>"; };
		381F96B5207119AF008E8284 /* PSShopCartListViewController.m */ = {isa = PBXFileReference; lastKnownFileType = sourcecode.c.objc; path = PSShopCartListViewController.m; sourceTree = "<group>"; };
		381F96BC2071421C008E8284 /* PSShopCartShopDetailViewController.h */ = {isa = PBXFileReference; lastKnownFileType = sourcecode.c.h; path = PSShopCartShopDetailViewController.h; sourceTree = "<group>"; };
		381F96BD2071421C008E8284 /* PSShopCartShopDetailViewController.m */ = {isa = PBXFileReference; lastKnownFileType = sourcecode.c.objc; path = PSShopCartShopDetailViewController.m; sourceTree = "<group>"; };
		381F96BE2071421C008E8284 /* PSShopCartShopDetailViewController.xib */ = {isa = PBXFileReference; lastKnownFileType = file.xib; path = PSShopCartShopDetailViewController.xib; sourceTree = "<group>"; };
		381F96C120714263008E8284 /* PSShopCartGoodsDetailViewController.h */ = {isa = PBXFileReference; lastKnownFileType = sourcecode.c.h; path = PSShopCartGoodsDetailViewController.h; sourceTree = "<group>"; };
		381F96C220714263008E8284 /* PSShopCartGoodsDetailViewController.m */ = {isa = PBXFileReference; lastKnownFileType = sourcecode.c.objc; path = PSShopCartGoodsDetailViewController.m; sourceTree = "<group>"; };
		381F96C320714263008E8284 /* PSShopCartGoodsDetailViewController.xib */ = {isa = PBXFileReference; lastKnownFileType = file.xib; path = PSShopCartGoodsDetailViewController.xib; sourceTree = "<group>"; };
		381F96CC2071FAC8008E8284 /* PSShowGroundViewController.h */ = {isa = PBXFileReference; lastKnownFileType = sourcecode.c.h; path = PSShowGroundViewController.h; sourceTree = "<group>"; };
		381F96CD2071FAC8008E8284 /* PSShowGroundViewController.m */ = {isa = PBXFileReference; lastKnownFileType = sourcecode.c.objc; path = PSShowGroundViewController.m; sourceTree = "<group>"; };
		381F96CF2071FADD008E8284 /* PSMyShowViewController.h */ = {isa = PBXFileReference; lastKnownFileType = sourcecode.c.h; path = PSMyShowViewController.h; sourceTree = "<group>"; };
		381F96D02071FADD008E8284 /* PSMyShowViewController.m */ = {isa = PBXFileReference; lastKnownFileType = sourcecode.c.objc; path = PSMyShowViewController.m; sourceTree = "<group>"; };
		381F96D22071FD06008E8284 /* PSShowGroundCell.h */ = {isa = PBXFileReference; lastKnownFileType = sourcecode.c.h; path = PSShowGroundCell.h; sourceTree = "<group>"; };
		381F96D32071FD06008E8284 /* PSShowGroundCell.m */ = {isa = PBXFileReference; lastKnownFileType = sourcecode.c.objc; path = PSShowGroundCell.m; sourceTree = "<group>"; };
		381F96D42071FD06008E8284 /* PSShowGroundCell.xib */ = {isa = PBXFileReference; lastKnownFileType = file.xib; path = PSShowGroundCell.xib; sourceTree = "<group>"; };
		383EAF8B207E2017009E57CE /* PSHomeProductListItem.h */ = {isa = PBXFileReference; lastKnownFileType = sourcecode.c.h; path = PSHomeProductListItem.h; sourceTree = "<group>"; };
		383EAF8C207E2017009E57CE /* PSHomeProductListItem.m */ = {isa = PBXFileReference; lastKnownFileType = sourcecode.c.objc; path = PSHomeProductListItem.m; sourceTree = "<group>"; };
		383FFF3620731A04000E8631 /* SVRadialGradientLayer.m */ = {isa = PBXFileReference; lastKnownFileType = sourcecode.c.objc; path = SVRadialGradientLayer.m; sourceTree = "<group>"; };
		383FFF3720731A04000E8631 /* SVIndefiniteAnimatedView.h */ = {isa = PBXFileReference; lastKnownFileType = sourcecode.c.h; path = SVIndefiniteAnimatedView.h; sourceTree = "<group>"; };
		383FFF3820731A04000E8631 /* SVProgressHUD.h */ = {isa = PBXFileReference; lastKnownFileType = sourcecode.c.h; path = SVProgressHUD.h; sourceTree = "<group>"; };
		383FFF3920731A04000E8631 /* SVProgressAnimatedView.m */ = {isa = PBXFileReference; lastKnownFileType = sourcecode.c.objc; path = SVProgressAnimatedView.m; sourceTree = "<group>"; };
		383FFF3A20731A04000E8631 /* SVProgressHUD-Prefix.pch */ = {isa = PBXFileReference; lastKnownFileType = sourcecode.c.h; path = "SVProgressHUD-Prefix.pch"; sourceTree = "<group>"; };
		383FFF3B20731A04000E8631 /* SVRadialGradientLayer.h */ = {isa = PBXFileReference; lastKnownFileType = sourcecode.c.h; path = SVRadialGradientLayer.h; sourceTree = "<group>"; };
		383FFF3C20731A04000E8631 /* SVProgressHUD.m */ = {isa = PBXFileReference; lastKnownFileType = sourcecode.c.objc; path = SVProgressHUD.m; sourceTree = "<group>"; };
		383FFF3D20731A04000E8631 /* SVIndefiniteAnimatedView.m */ = {isa = PBXFileReference; lastKnownFileType = sourcecode.c.objc; path = SVIndefiniteAnimatedView.m; sourceTree = "<group>"; };
		383FFF3E20731A04000E8631 /* SVProgressHUD.bundle */ = {isa = PBXFileReference; lastKnownFileType = "wrapper.plug-in"; path = SVProgressHUD.bundle; sourceTree = "<group>"; };
		383FFF3F20731A04000E8631 /* SVProgressAnimatedView.h */ = {isa = PBXFileReference; lastKnownFileType = sourcecode.c.h; path = SVProgressAnimatedView.h; sourceTree = "<group>"; };
		383FFF4120731AE2000E8631 /* QuartzCore.framework */ = {isa = PBXFileReference; lastKnownFileType = wrapper.framework; name = QuartzCore.framework; path = System/Library/Frameworks/QuartzCore.framework; sourceTree = SDKROOT; };
		383FFF4820737104000E8631 /* PSLoginWithPasswordViewController.h */ = {isa = PBXFileReference; lastKnownFileType = sourcecode.c.h; path = PSLoginWithPasswordViewController.h; sourceTree = "<group>"; };
		383FFF4920737104000E8631 /* PSLoginWithPasswordViewController.m */ = {isa = PBXFileReference; lastKnownFileType = sourcecode.c.objc; path = PSLoginWithPasswordViewController.m; sourceTree = "<group>"; };
		38F2A1FF20727D2600F80D92 /* SMS_SDK.framework */ = {isa = PBXFileReference; lastKnownFileType = wrapper.framework; path = SMS_SDK.framework; sourceTree = "<group>"; };
		38F2A20120727D2600F80D92 /* MOBFoundation.framework */ = {isa = PBXFileReference; lastKnownFileType = wrapper.framework; path = MOBFoundation.framework; sourceTree = "<group>"; };
		38F2A20320727DEF00F80D92 /* libz.tbd */ = {isa = PBXFileReference; lastKnownFileType = "sourcecode.text-based-dylib-definition"; name = libz.tbd; path = usr/lib/libz.tbd; sourceTree = SDKROOT; };
		38F2A20520727DFA00F80D92 /* libicucore.tbd */ = {isa = PBXFileReference; lastKnownFileType = "sourcecode.text-based-dylib-definition"; name = libicucore.tbd; path = usr/lib/libicucore.tbd; sourceTree = SDKROOT; };
		38F2A20720727E0300F80D92 /* MessageUI.framework */ = {isa = PBXFileReference; lastKnownFileType = wrapper.framework; name = MessageUI.framework; path = System/Library/Frameworks/MessageUI.framework; sourceTree = SDKROOT; };
		38F2A20920727E0B00F80D92 /* JavaScriptCore.framework */ = {isa = PBXFileReference; lastKnownFileType = wrapper.framework; name = JavaScriptCore.framework; path = System/Library/Frameworks/JavaScriptCore.framework; sourceTree = SDKROOT; };
		38F2A20B20727E1400F80D92 /* libstdc++.tbd */ = {isa = PBXFileReference; lastKnownFileType = "sourcecode.text-based-dylib-definition"; name = "libstdc++.tbd"; path = "usr/lib/libstdc++.tbd"; sourceTree = SDKROOT; };
		38F2A20D20727E1E00F80D92 /* SystemConfiguration.framework */ = {isa = PBXFileReference; lastKnownFileType = wrapper.framework; name = SystemConfiguration.framework; path = System/Library/Frameworks/SystemConfiguration.framework; sourceTree = SDKROOT; };
		38F2A20F20727E2800F80D92 /* CoreTelephony.framework */ = {isa = PBXFileReference; lastKnownFileType = wrapper.framework; name = CoreTelephony.framework; path = System/Library/Frameworks/CoreTelephony.framework; sourceTree = SDKROOT; };
		38F2A21120727E3000F80D92 /* AdSupport.framework */ = {isa = PBXFileReference; lastKnownFileType = wrapper.framework; name = AdSupport.framework; path = System/Library/Frameworks/AdSupport.framework; sourceTree = SDKROOT; };
		38FC37622073DD5300FD055F /* PSUserPageHeaderView.h */ = {isa = PBXFileReference; lastKnownFileType = sourcecode.c.h; path = PSUserPageHeaderView.h; sourceTree = "<group>"; };
		38FC37632073DD5300FD055F /* PSUserPageHeaderView.m */ = {isa = PBXFileReference; lastKnownFileType = sourcecode.c.objc; path = PSUserPageHeaderView.m; sourceTree = "<group>"; };
		38FC37672074791A00FD055F /* PSUserPageViewController.h */ = {isa = PBXFileReference; lastKnownFileType = sourcecode.c.h; path = PSUserPageViewController.h; sourceTree = "<group>"; };
		38FC37682074791A00FD055F /* PSUserPageViewController.m */ = {isa = PBXFileReference; lastKnownFileType = sourcecode.c.objc; path = PSUserPageViewController.m; sourceTree = "<group>"; };
		38FC37692074791A00FD055F /* PSUserPageViewController.xib */ = {isa = PBXFileReference; lastKnownFileType = file.xib; path = PSUserPageViewController.xib; sourceTree = "<group>"; };
		38FC376F20748A1800FD055F /* PSUserPageListFollowCell.h */ = {isa = PBXFileReference; lastKnownFileType = sourcecode.c.h; path = PSUserPageListFollowCell.h; sourceTree = "<group>"; };
		38FC377020748A1800FD055F /* PSUserPageListFollowCell.m */ = {isa = PBXFileReference; lastKnownFileType = sourcecode.c.objc; path = PSUserPageListFollowCell.m; sourceTree = "<group>"; };
		38FC377120748A1800FD055F /* PSUserPageListFollowCell.xib */ = {isa = PBXFileReference; lastKnownFileType = file.xib; path = PSUserPageListFollowCell.xib; sourceTree = "<group>"; };
		38FC37772074A04E00FD055F /* PSUserPageList.h */ = {isa = PBXFileReference; lastKnownFileType = sourcecode.c.h; path = PSUserPageList.h; sourceTree = "<group>"; };
		38FC37782074A04E00FD055F /* PSUserPageList.m */ = {isa = PBXFileReference; lastKnownFileType = sourcecode.c.objc; path = PSUserPageList.m; sourceTree = "<group>"; };
		38FC379F2077581700FD055F /* PSShareView.h */ = {isa = PBXFileReference; lastKnownFileType = sourcecode.c.h; path = PSShareView.h; sourceTree = "<group>"; };
		38FC37A02077581700FD055F /* PSShareView.m */ = {isa = PBXFileReference; lastKnownFileType = sourcecode.c.objc; path = PSShareView.m; sourceTree = "<group>"; };
		38FC37A52077CA5600FD055F /* PSShareCollectionViewCell.h */ = {isa = PBXFileReference; lastKnownFileType = sourcecode.c.h; path = PSShareCollectionViewCell.h; sourceTree = "<group>"; };
		38FC37A62077CA5600FD055F /* PSShareCollectionViewCell.m */ = {isa = PBXFileReference; lastKnownFileType = sourcecode.c.objc; path = PSShareCollectionViewCell.m; sourceTree = "<group>"; };
		38FC37A72077CA5600FD055F /* PSShareCollectionViewCell.xib */ = {isa = PBXFileReference; lastKnownFileType = file.xib; path = PSShareCollectionViewCell.xib; sourceTree = "<group>"; };
		38FC37AA2077ECE200FD055F /* PSShareItem.h */ = {isa = PBXFileReference; lastKnownFileType = sourcecode.c.h; path = PSShareItem.h; sourceTree = "<group>"; };
		38FC37AB2077ECE200FD055F /* PSShareItem.m */ = {isa = PBXFileReference; lastKnownFileType = sourcecode.c.objc; path = PSShareItem.m; sourceTree = "<group>"; };
		38FC37C92077F5A300FD055F /* libsqlite3.tbd */ = {isa = PBXFileReference; lastKnownFileType = "sourcecode.text-based-dylib-definition"; name = libsqlite3.tbd; path = usr/lib/libsqlite3.tbd; sourceTree = SDKROOT; };
		38FC37CB2077F5AA00FD055F /* ImageIO.framework */ = {isa = PBXFileReference; lastKnownFileType = wrapper.framework; name = ImageIO.framework; path = System/Library/Frameworks/ImageIO.framework; sourceTree = SDKROOT; };
		38FC38572077FEFF00FD055F /* WeiboSDK.bundle */ = {isa = PBXFileReference; lastKnownFileType = "wrapper.plug-in"; path = WeiboSDK.bundle; sourceTree = "<group>"; };
		38FC38582077FEFF00FD055F /* libWeiboSDK.a */ = {isa = PBXFileReference; lastKnownFileType = archive.ar; path = libWeiboSDK.a; sourceTree = "<group>"; };
		38FC38592077FEFF00FD055F /* WBHttpRequest.h */ = {isa = PBXFileReference; lastKnownFileType = sourcecode.c.h; path = WBHttpRequest.h; sourceTree = "<group>"; };
		38FC385A2077FEFF00FD055F /* WeiboSDK.h */ = {isa = PBXFileReference; lastKnownFileType = sourcecode.c.h; path = WeiboSDK.h; sourceTree = "<group>"; };
		38FC385C2077FEFF00FD055F /* WXApi.h */ = {isa = PBXFileReference; lastKnownFileType = sourcecode.c.h; path = WXApi.h; sourceTree = "<group>"; };
		38FC385D2077FEFF00FD055F /* WXApiObject.h */ = {isa = PBXFileReference; lastKnownFileType = sourcecode.c.h; path = WXApiObject.h; sourceTree = "<group>"; };
		38FC385E2077FEFF00FD055F /* README.txt */ = {isa = PBXFileReference; lastKnownFileType = text; path = README.txt; sourceTree = "<group>"; };
		38FC385F2077FEFF00FD055F /* WechatAuthSDK.h */ = {isa = PBXFileReference; lastKnownFileType = sourcecode.c.h; path = WechatAuthSDK.h; sourceTree = "<group>"; };
		38FC38602077FEFF00FD055F /* libWeChatSDK.a */ = {isa = PBXFileReference; lastKnownFileType = archive.ar; path = libWeChatSDK.a; sourceTree = "<group>"; };
		38FC38622077FEFF00FD055F /* TencentOpenAPI.framework */ = {isa = PBXFileReference; lastKnownFileType = wrapper.framework; path = TencentOpenAPI.framework; sourceTree = "<group>"; };
		38FC38642077FEFF00FD055F /* ShareSDKConnector.framework */ = {isa = PBXFileReference; lastKnownFileType = wrapper.framework; path = ShareSDKConnector.framework; sourceTree = "<group>"; };
		38FC38652077FEFF00FD055F /* ShareSDK.bundle */ = {isa = PBXFileReference; lastKnownFileType = "wrapper.plug-in"; path = ShareSDK.bundle; sourceTree = "<group>"; };
		38FC38672077FEFF00FD055F /* ShareSDKUI.bundle */ = {isa = PBXFileReference; lastKnownFileType = "wrapper.plug-in"; path = ShareSDKUI.bundle; sourceTree = "<group>"; };
		38FC38682077FEFF00FD055F /* ShareSDKConfigFile.framework */ = {isa = PBXFileReference; lastKnownFileType = wrapper.framework; path = ShareSDKConfigFile.framework; sourceTree = "<group>"; };
		38FC38692077FEFF00FD055F /* ShareSDKExtension.framework */ = {isa = PBXFileReference; lastKnownFileType = wrapper.framework; path = ShareSDKExtension.framework; sourceTree = "<group>"; };
		38FC386A2077FEFF00FD055F /* ShareSDKUI.framework */ = {isa = PBXFileReference; lastKnownFileType = wrapper.framework; path = ShareSDKUI.framework; sourceTree = "<group>"; };
		38FC386B2077FEFF00FD055F /* ShareSDKConfigFile.bundle */ = {isa = PBXFileReference; lastKnownFileType = "wrapper.plug-in"; path = ShareSDKConfigFile.bundle; sourceTree = "<group>"; };
		38FC386D2077FEFF00FD055F /* SMSConnector.framework */ = {isa = PBXFileReference; lastKnownFileType = wrapper.framework; path = SMSConnector.framework; sourceTree = "<group>"; };
		38FC386E2077FEFF00FD055F /* MailConnector.framework */ = {isa = PBXFileReference; lastKnownFileType = wrapper.framework; path = MailConnector.framework; sourceTree = "<group>"; };
		38FC386F2077FEFF00FD055F /* QQConnector.framework */ = {isa = PBXFileReference; lastKnownFileType = wrapper.framework; path = QQConnector.framework; sourceTree = "<group>"; };
		38FC38702077FEFF00FD055F /* CopyConnector.framework */ = {isa = PBXFileReference; lastKnownFileType = wrapper.framework; path = CopyConnector.framework; sourceTree = "<group>"; };
		38FC38712077FEFF00FD055F /* WechatConnector.framework */ = {isa = PBXFileReference; lastKnownFileType = wrapper.framework; path = WechatConnector.framework; sourceTree = "<group>"; };
		38FC38722077FEFF00FD055F /* SinaWeiboConnector.framework */ = {isa = PBXFileReference; lastKnownFileType = wrapper.framework; path = SinaWeiboConnector.framework; sourceTree = "<group>"; };
		38FC38732077FEFF00FD055F /* ShareSDK.framework */ = {isa = PBXFileReference; lastKnownFileType = wrapper.framework; path = ShareSDK.framework; sourceTree = "<group>"; };
		38FC38752077FEFF00FD055F /* MOBFoundation.framework */ = {isa = PBXFileReference; lastKnownFileType = wrapper.framework; path = MOBFoundation.framework; sourceTree = "<group>"; };
		38FC38DB2079E45400FD055F /* AFSecurityPolicy.h */ = {isa = PBXFileReference; lastKnownFileType = sourcecode.c.h; path = AFSecurityPolicy.h; sourceTree = "<group>"; };
		38FC38DC2079E45400FD055F /* AFNetworkReachabilityManager.h */ = {isa = PBXFileReference; lastKnownFileType = sourcecode.c.h; path = AFNetworkReachabilityManager.h; sourceTree = "<group>"; };
		38FC38DD2079E45400FD055F /* AFURLSessionManager.h */ = {isa = PBXFileReference; lastKnownFileType = sourcecode.c.h; path = AFURLSessionManager.h; sourceTree = "<group>"; };
		38FC38DE2079E45400FD055F /* AFURLRequestSerialization.h */ = {isa = PBXFileReference; lastKnownFileType = sourcecode.c.h; path = AFURLRequestSerialization.h; sourceTree = "<group>"; };
		38FC38DF2079E45400FD055F /* AFURLResponseSerialization.m */ = {isa = PBXFileReference; lastKnownFileType = sourcecode.c.objc; path = AFURLResponseSerialization.m; sourceTree = "<group>"; };
		38FC38E02079E45400FD055F /* AFHTTPSessionManager.m */ = {isa = PBXFileReference; lastKnownFileType = sourcecode.c.objc; path = AFHTTPSessionManager.m; sourceTree = "<group>"; };
		38FC38E12079E45400FD055F /* AFURLResponseSerialization.h */ = {isa = PBXFileReference; lastKnownFileType = sourcecode.c.h; path = AFURLResponseSerialization.h; sourceTree = "<group>"; };
		38FC38E22079E45400FD055F /* AFURLSessionManager.m */ = {isa = PBXFileReference; lastKnownFileType = sourcecode.c.objc; path = AFURLSessionManager.m; sourceTree = "<group>"; };
		38FC38E32079E45400FD055F /* AFURLRequestSerialization.m */ = {isa = PBXFileReference; lastKnownFileType = sourcecode.c.objc; path = AFURLRequestSerialization.m; sourceTree = "<group>"; };
		38FC38E42079E45400FD055F /* AFNetworking.h */ = {isa = PBXFileReference; lastKnownFileType = sourcecode.c.h; path = AFNetworking.h; sourceTree = "<group>"; };
		38FC38E52079E45400FD055F /* AFNetworkReachabilityManager.m */ = {isa = PBXFileReference; lastKnownFileType = sourcecode.c.objc; path = AFNetworkReachabilityManager.m; sourceTree = "<group>"; };
		38FC38E62079E45400FD055F /* AFSecurityPolicy.m */ = {isa = PBXFileReference; lastKnownFileType = sourcecode.c.objc; path = AFSecurityPolicy.m; sourceTree = "<group>"; };
		38FC38E72079E45400FD055F /* AFHTTPSessionManager.h */ = {isa = PBXFileReference; lastKnownFileType = sourcecode.c.h; path = AFHTTPSessionManager.h; sourceTree = "<group>"; };
		38FC38E82079E48800FD055F /* PSNetoperation.h */ = {isa = PBXFileReference; lastKnownFileType = sourcecode.c.h; path = PSNetoperation.h; sourceTree = "<group>"; };
		38FC38E92079E48800FD055F /* PSNetoperation.m */ = {isa = PBXFileReference; lastKnownFileType = sourcecode.c.objc; path = PSNetoperation.m; sourceTree = "<group>"; };
		38FC38F2207B4F1B00FD055F /* PSUserManager.h */ = {isa = PBXFileReference; lastKnownFileType = sourcecode.c.h; path = PSUserManager.h; sourceTree = "<group>"; };
		38FC38F3207B4F1B00FD055F /* PSUserManager.m */ = {isa = PBXFileReference; lastKnownFileType = sourcecode.c.objc; path = PSUserManager.m; sourceTree = "<group>"; };
		38FC38FE207BC06400FD055F /* PSHomeCarousel.h */ = {isa = PBXFileReference; lastKnownFileType = sourcecode.c.h; path = PSHomeCarousel.h; sourceTree = "<group>"; };
		38FC38FF207BC06400FD055F /* PSHomeCarousel.m */ = {isa = PBXFileReference; lastKnownFileType = sourcecode.c.objc; path = PSHomeCarousel.m; sourceTree = "<group>"; };
		38FC3900207BC06400FD055F /* PSHomeCarousel.xib */ = {isa = PBXFileReference; lastKnownFileType = file.xib; path = PSHomeCarousel.xib; sourceTree = "<group>"; };
		38FC3904207BCA1C00FD055F /* SDAnimatedImageRep.h */ = {isa = PBXFileReference; lastKnownFileType = sourcecode.c.h; path = SDAnimatedImageRep.h; sourceTree = "<group>"; };
		38FC3905207BCA1C00FD055F /* UIImage+WebP.m */ = {isa = PBXFileReference; lastKnownFileType = sourcecode.c.objc; path = "UIImage+WebP.m"; sourceTree = "<group>"; };
		38FC3906207BCA1C00FD055F /* MKAnnotationView+WebCache.m */ = {isa = PBXFileReference; lastKnownFileType = sourcecode.c.objc; path = "MKAnnotationView+WebCache.m"; sourceTree = "<group>"; };
		38FC3907207BCA1C00FD055F /* NSButton+WebCache.h */ = {isa = PBXFileReference; lastKnownFileType = sourcecode.c.h; path = "NSButton+WebCache.h"; sourceTree = "<group>"; };
		38FC3908207BCA1C00FD055F /* SDWebImageCoder.h */ = {isa = PBXFileReference; lastKnownFileType = sourcecode.c.h; path = SDWebImageCoder.h; sourceTree = "<group>"; };
		38FC3909207BCA1C00FD055F /* NSImage+WebCache.h */ = {isa = PBXFileReference; lastKnownFileType = sourcecode.c.h; path = "NSImage+WebCache.h"; sourceTree = "<group>"; };
		38FC390A207BCA1C00FD055F /* UIImageView+WebCache.h */ = {isa = PBXFileReference; lastKnownFileType = sourcecode.c.h; path = "UIImageView+WebCache.h"; sourceTree = "<group>"; };
		38FC390B207BCA1C00FD055F /* NSData+ImageContentType.h */ = {isa = PBXFileReference; lastKnownFileType = sourcecode.c.h; path = "NSData+ImageContentType.h"; sourceTree = "<group>"; };
		38FC390C207BCA1C00FD055F /* SDWebImageTransition.h */ = {isa = PBXFileReference; lastKnownFileType = sourcecode.c.h; path = SDWebImageTransition.h; sourceTree = "<group>"; };
		38FC390D207BCA1C00FD055F /* SDWebImageManager.m */ = {isa = PBXFileReference; lastKnownFileType = sourcecode.c.objc; path = SDWebImageManager.m; sourceTree = "<group>"; };
		38FC390E207BCA1C00FD055F /* SDWebImageDownloaderOperation.h */ = {isa = PBXFileReference; lastKnownFileType = sourcecode.c.h; path = SDWebImageDownloaderOperation.h; sourceTree = "<group>"; };
		38FC390F207BCA1C00FD055F /* UIImageView+HighlightedWebCache.m */ = {isa = PBXFileReference; lastKnownFileType = sourcecode.c.objc; path = "UIImageView+HighlightedWebCache.m"; sourceTree = "<group>"; };
		38FC3910207BCA1C00FD055F /* SDWebImageFrame.m */ = {isa = PBXFileReference; lastKnownFileType = sourcecode.c.objc; path = SDWebImageFrame.m; sourceTree = "<group>"; };
		38FC3911207BCA1C00FD055F /* SDImageCache.h */ = {isa = PBXFileReference; lastKnownFileType = sourcecode.c.h; path = SDImageCache.h; sourceTree = "<group>"; };
		38FC3912207BCA1C00FD055F /* UIImage+ForceDecode.m */ = {isa = PBXFileReference; lastKnownFileType = sourcecode.c.objc; path = "UIImage+ForceDecode.m"; sourceTree = "<group>"; };
		38FC3913207BCA1C00FD055F /* SDImageCacheConfig.h */ = {isa = PBXFileReference; lastKnownFileType = sourcecode.c.h; path = SDImageCacheConfig.h; sourceTree = "<group>"; };
		38FC3914207BCA1C00FD055F /* SDWebImageCodersManager.m */ = {isa = PBXFileReference; lastKnownFileType = sourcecode.c.objc; path = SDWebImageCodersManager.m; sourceTree = "<group>"; };
		38FC3916207BCA1C00FD055F /* FLAnimatedImageView+WebCache.m */ = {isa = PBXFileReference; lastKnownFileType = sourcecode.c.objc; path = "FLAnimatedImageView+WebCache.m"; sourceTree = "<group>"; };
		38FC3917207BCA1C00FD055F /* FLAnimatedImageView+WebCache.h */ = {isa = PBXFileReference; lastKnownFileType = sourcecode.c.h; path = "FLAnimatedImageView+WebCache.h"; sourceTree = "<group>"; };
		38FC3918207BCA1C00FD055F /* SDWebImageDownloader.m */ = {isa = PBXFileReference; lastKnownFileType = sourcecode.c.objc; path = SDWebImageDownloader.m; sourceTree = "<group>"; };
		38FC3919207BCA1C00FD055F /* SDWebImageGIFCoder.h */ = {isa = PBXFileReference; lastKnownFileType = sourcecode.c.h; path = SDWebImageGIFCoder.h; sourceTree = "<group>"; };
		38FC391A207BCA1C00FD055F /* SDWebImageWebPCoder.h */ = {isa = PBXFileReference; lastKnownFileType = sourcecode.c.h; path = SDWebImageWebPCoder.h; sourceTree = "<group>"; };
		38FC391B207BCA1C00FD055F /* UIImage+GIF.m */ = {isa = PBXFileReference; lastKnownFileType = sourcecode.c.objc; path = "UIImage+GIF.m"; sourceTree = "<group>"; };
		38FC391C207BCA1C00FD055F /* UIButton+WebCache.h */ = {isa = PBXFileReference; lastKnownFileType = sourcecode.c.h; path = "UIButton+WebCache.h"; sourceTree = "<group>"; };
		38FC391D207BCA1C00FD055F /* UIImage+MultiFormat.m */ = {isa = PBXFileReference; lastKnownFileType = sourcecode.c.objc; path = "UIImage+MultiFormat.m"; sourceTree = "<group>"; };
		38FC391E207BCA1C00FD055F /* SDWebImageCoderHelper.m */ = {isa = PBXFileReference; lastKnownFileType = sourcecode.c.objc; path = SDWebImageCoderHelper.m; sourceTree = "<group>"; };
		38FC391F207BCA1C00FD055F /* SDWebImageCompat.m */ = {isa = PBXFileReference; lastKnownFileType = sourcecode.c.objc; path = SDWebImageCompat.m; sourceTree = "<group>"; };
		38FC3920207BCA1C00FD055F /* SDWebImageImageIOCoder.h */ = {isa = PBXFileReference; lastKnownFileType = sourcecode.c.h; path = SDWebImageImageIOCoder.h; sourceTree = "<group>"; };
		38FC3921207BCA1C00FD055F /* SDWebImagePrefetcher.m */ = {isa = PBXFileReference; lastKnownFileType = sourcecode.c.objc; path = SDWebImagePrefetcher.m; sourceTree = "<group>"; };
		38FC3922207BCA1C00FD055F /* UIView+WebCache.h */ = {isa = PBXFileReference; lastKnownFileType = sourcecode.c.h; path = "UIView+WebCache.h"; sourceTree = "<group>"; };
		38FC3923207BCA1C00FD055F /* UIView+WebCacheOperation.h */ = {isa = PBXFileReference; lastKnownFileType = sourcecode.c.h; path = "UIView+WebCacheOperation.h"; sourceTree = "<group>"; };
		38FC3924207BCA1C00FD055F /* SDWebImageCoder.m */ = {isa = PBXFileReference; lastKnownFileType = sourcecode.c.objc; path = SDWebImageCoder.m; sourceTree = "<group>"; };
		38FC3925207BCA1C00FD055F /* NSButton+WebCache.m */ = {isa = PBXFileReference; lastKnownFileType = sourcecode.c.objc; path = "NSButton+WebCache.m"; sourceTree = "<group>"; };
		38FC3926207BCA1C00FD055F /* MKAnnotationView+WebCache.h */ = {isa = PBXFileReference; lastKnownFileType = sourcecode.c.h; path = "MKAnnotationView+WebCache.h"; sourceTree = "<group>"; };
		38FC3927207BCA1C00FD055F /* UIImage+WebP.h */ = {isa = PBXFileReference; lastKnownFileType = sourcecode.c.h; path = "UIImage+WebP.h"; sourceTree = "<group>"; };
		38FC3928207BCA1C00FD055F /* SDAnimatedImageRep.m */ = {isa = PBXFileReference; lastKnownFileType = sourcecode.c.objc; path = SDAnimatedImageRep.m; sourceTree = "<group>"; };
		38FC3929207BCA1C00FD055F /* SDImageCache.m */ = {isa = PBXFileReference; lastKnownFileType = sourcecode.c.objc; path = SDImageCache.m; sourceTree = "<group>"; };
		38FC392A207BCA1C00FD055F /* SDWebImageFrame.h */ = {isa = PBXFileReference; lastKnownFileType = sourcecode.c.h; path = SDWebImageFrame.h; sourceTree = "<group>"; };
		38FC392B207BCA1C00FD055F /* UIImageView+HighlightedWebCache.h */ = {isa = PBXFileReference; lastKnownFileType = sourcecode.c.h; path = "UIImageView+HighlightedWebCache.h"; sourceTree = "<group>"; };
		38FC392C207BCA1C00FD055F /* SDWebImageDownloaderOperation.m */ = {isa = PBXFileReference; lastKnownFileType = sourcecode.c.objc; path = SDWebImageDownloaderOperation.m; sourceTree = "<group>"; };
		38FC392D207BCA1C00FD055F /* SDWebImageTransition.m */ = {isa = PBXFileReference; lastKnownFileType = sourcecode.c.objc; path = SDWebImageTransition.m; sourceTree = "<group>"; };
		38FC392E207BCA1C00FD055F /* SDWebImageManager.h */ = {isa = PBXFileReference; lastKnownFileType = sourcecode.c.h; path = SDWebImageManager.h; sourceTree = "<group>"; };
		38FC392F207BCA1C00FD055F /* NSData+ImageContentType.m */ = {isa = PBXFileReference; lastKnownFileType = sourcecode.c.objc; path = "NSData+ImageContentType.m"; sourceTree = "<group>"; };
		38FC3930207BCA1C00FD055F /* UIImageView+WebCache.m */ = {isa = PBXFileReference; lastKnownFileType = sourcecode.c.objc; path = "UIImageView+WebCache.m"; sourceTree = "<group>"; };
		38FC3931207BCA1C00FD055F /* SDWebImageOperation.h */ = {isa = PBXFileReference; lastKnownFileType = sourcecode.c.h; path = SDWebImageOperation.h; sourceTree = "<group>"; };
		38FC3932207BCA1C00FD055F /* NSImage+WebCache.m */ = {isa = PBXFileReference; lastKnownFileType = sourcecode.c.objc; path = "NSImage+WebCache.m"; sourceTree = "<group>"; };
		38FC3933207BCA1C00FD055F /* SDWebImageGIFCoder.m */ = {isa = PBXFileReference; lastKnownFileType = sourcecode.c.objc; path = SDWebImageGIFCoder.m; sourceTree = "<group>"; };
		38FC3934207BCA1C00FD055F /* SDWebImageDownloader.h */ = {isa = PBXFileReference; lastKnownFileType = sourcecode.c.h; path = SDWebImageDownloader.h; sourceTree = "<group>"; };
		38FC3935207BCA1C00FD055F /* SDImageCacheConfig.m */ = {isa = PBXFileReference; lastKnownFileType = sourcecode.c.objc; path = SDImageCacheConfig.m; sourceTree = "<group>"; };
		38FC3936207BCA1C00FD055F /* SDWebImageCodersManager.h */ = {isa = PBXFileReference; lastKnownFileType = sourcecode.c.h; path = SDWebImageCodersManager.h; sourceTree = "<group>"; };
		38FC3937207BCA1C00FD055F /* UIImage+ForceDecode.h */ = {isa = PBXFileReference; lastKnownFileType = sourcecode.c.h; path = "UIImage+ForceDecode.h"; sourceTree = "<group>"; };
		38FC3938207BCA1C00FD055F /* UIView+WebCacheOperation.m */ = {isa = PBXFileReference; lastKnownFileType = sourcecode.c.objc; path = "UIView+WebCacheOperation.m"; sourceTree = "<group>"; };
		38FC3939207BCA1C00FD055F /* UIView+WebCache.m */ = {isa = PBXFileReference; lastKnownFileType = sourcecode.c.objc; path = "UIView+WebCache.m"; sourceTree = "<group>"; };
		38FC393A207BCA1C00FD055F /* SDWebImagePrefetcher.h */ = {isa = PBXFileReference; lastKnownFileType = sourcecode.c.h; path = SDWebImagePrefetcher.h; sourceTree = "<group>"; };
		38FC393B207BCA1C00FD055F /* SDWebImageImageIOCoder.m */ = {isa = PBXFileReference; lastKnownFileType = sourcecode.c.objc; path = SDWebImageImageIOCoder.m; sourceTree = "<group>"; };
		38FC393C207BCA1C00FD055F /* SDWebImageCompat.h */ = {isa = PBXFileReference; lastKnownFileType = sourcecode.c.h; path = SDWebImageCompat.h; sourceTree = "<group>"; };
		38FC393D207BCA1C00FD055F /* SDWebImageCoderHelper.h */ = {isa = PBXFileReference; lastKnownFileType = sourcecode.c.h; path = SDWebImageCoderHelper.h; sourceTree = "<group>"; };
		38FC393E207BCA1C00FD055F /* UIImage+MultiFormat.h */ = {isa = PBXFileReference; lastKnownFileType = sourcecode.c.h; path = "UIImage+MultiFormat.h"; sourceTree = "<group>"; };
		38FC393F207BCA1C00FD055F /* UIButton+WebCache.m */ = {isa = PBXFileReference; lastKnownFileType = sourcecode.c.objc; path = "UIButton+WebCache.m"; sourceTree = "<group>"; };
		38FC3940207BCA1C00FD055F /* SDWebImageWebPCoder.m */ = {isa = PBXFileReference; lastKnownFileType = sourcecode.c.objc; path = SDWebImageWebPCoder.m; sourceTree = "<group>"; };
		38FC3941207BCA1C00FD055F /* UIImage+GIF.h */ = {isa = PBXFileReference; lastKnownFileType = sourcecode.c.h; path = "UIImage+GIF.h"; sourceTree = "<group>"; };
		38FC3948207C899C00FD055F /* PSHomeViewController.h */ = {isa = PBXFileReference; lastKnownFileType = sourcecode.c.h; path = PSHomeViewController.h; sourceTree = "<group>"; };
		38FC3949207C899C00FD055F /* PSHomeViewController.m */ = {isa = PBXFileReference; lastKnownFileType = sourcecode.c.objc; path = PSHomeViewController.m; sourceTree = "<group>"; };
		38FC394C207D029900FD055F /* LaunchTour.mp4 */ = {isa = PBXFileReference; lastKnownFileType = file; path = LaunchTour.mp4; sourceTree = "<group>"; };
		38FC394F207D074900FD055F /* PSButton.h */ = {isa = PBXFileReference; lastKnownFileType = sourcecode.c.h; path = PSButton.h; sourceTree = "<group>"; };
		38FC3950207D074900FD055F /* PSButton.m */ = {isa = PBXFileReference; lastKnownFileType = sourcecode.c.objc; path = PSButton.m; sourceTree = "<group>"; };
		38FC3952207D227C00FD055F /* PSHomeGoodsCell.h */ = {isa = PBXFileReference; lastKnownFileType = sourcecode.c.h; path = PSHomeGoodsCell.h; sourceTree = "<group>"; };
		38FC3953207D227C00FD055F /* PSHomeGoodsCell.m */ = {isa = PBXFileReference; lastKnownFileType = sourcecode.c.objc; path = PSHomeGoodsCell.m; sourceTree = "<group>"; };
		38FC3954207D227C00FD055F /* PSHomeGoodsCell.xib */ = {isa = PBXFileReference; lastKnownFileType = file.xib; path = PSHomeGoodsCell.xib; sourceTree = "<group>"; };
		38FC3957207D39F200FD055F /* PSFancyBtn.h */ = {isa = PBXFileReference; lastKnownFileType = sourcecode.c.h; path = PSFancyBtn.h; sourceTree = "<group>"; };
		38FC3958207D39F200FD055F /* PSFancyBtn.m */ = {isa = PBXFileReference; lastKnownFileType = sourcecode.c.objc; path = PSFancyBtn.m; sourceTree = "<group>"; };
		38FC395A207DC04900FD055F /* PSHomeCarouselItem.h */ = {isa = PBXFileReference; lastKnownFileType = sourcecode.c.h; path = PSHomeCarouselItem.h; sourceTree = "<group>"; };
		38FC395B207DC04900FD055F /* PSHomeCarouselItem.m */ = {isa = PBXFileReference; lastKnownFileType = sourcecode.c.objc; path = PSHomeCarouselItem.m; sourceTree = "<group>"; };
/* End PBXFileReference section */

/* Begin PBXFrameworksBuildPhase section */
		381F9632206CC3B4008E8284 /* Frameworks */ = {
			isa = PBXFrameworksBuildPhase;
			buildActionMask = 2147483647;
			files = (
				38FC387B2078994E00FD055F /* ShareSDKUI.framework in Frameworks */,
				38FC387A2078015500FD055F /* libWeChatSDK.a in Frameworks */,
				38FC38792078015000FD055F /* libWeiboSDK.a in Frameworks */,
				38FC38782077FF2500FD055F /* TencentOpenAPI.framework in Frameworks */,
				38FC38772077FF1400FD055F /* ShareSDKConnector.framework in Frameworks */,
				38FC38762077FF0C00FD055F /* ShareSDK.framework in Frameworks */,
				38FC37CC2077F5AA00FD055F /* ImageIO.framework in Frameworks */,
				38FC37CA2077F5A300FD055F /* libsqlite3.tbd in Frameworks */,
				383FFF4220731AE2000E8631 /* QuartzCore.framework in Frameworks */,
				38F2A21220727E3000F80D92 /* AdSupport.framework in Frameworks */,
				38F2A21020727E2800F80D92 /* CoreTelephony.framework in Frameworks */,
				38F2A20E20727E1E00F80D92 /* SystemConfiguration.framework in Frameworks */,
				38F2A20C20727E1400F80D92 /* libstdc++.tbd in Frameworks */,
				38F2A20A20727E0B00F80D92 /* JavaScriptCore.framework in Frameworks */,
				38F2A2142072823600F80D92 /* MOBFoundation.framework in Frameworks */,
				38F2A2132072823300F80D92 /* SMS_SDK.framework in Frameworks */,
				38F2A20820727E0300F80D92 /* MessageUI.framework in Frameworks */,
				38F2A20620727DFA00F80D92 /* libicucore.tbd in Frameworks */,
				38F2A20420727DEF00F80D92 /* libz.tbd in Frameworks */,
			);
			runOnlyForDeploymentPostprocessing = 0;
		};
/* End PBXFrameworksBuildPhase section */

/* Begin PBXGroup section */
		381F962C206CC3B4008E8284 = {
			isa = PBXGroup;
			children = (
				381F9637206CC3B4008E8284 /* PandoraSecret */,
				381F9636206CC3B4008E8284 /* Products */,
				38F2A20220727DEE00F80D92 /* Frameworks */,
			);
			sourceTree = "<group>";
		};
		381F9636206CC3B4008E8284 /* Products */ = {
			isa = PBXGroup;
			children = (
				381F9635206CC3B4008E8284 /* PandoraSecret.app */,
			);
			name = Products;
			sourceTree = "<group>";
		};
		381F9637206CC3B4008E8284 /* PandoraSecret */ = {
			isa = PBXGroup;
			children = (
				381F9656206CC5B1008E8284 /* Classes */,
				381F9655206CC5A7008E8284 /* Resources */,
				381F9654206CC59E008E8284 /* Libs */,
				381F9638206CC3B4008E8284 /* AppDelegate.h */,
				381F9639206CC3B4008E8284 /* AppDelegate.m */,
				381F9641206CC3B4008E8284 /* Assets.xcassets */,
				381F9643206CC3B4008E8284 /* LaunchScreen.storyboard */,
				381F9646206CC3B4008E8284 /* Info.plist */,
				381F9647206CC3B4008E8284 /* main.m */,
				381F96A3206DEA7F008E8284 /* Macro.pch */,
			);
			path = PandoraSecret;
			sourceTree = "<group>";
		};
		381F9654206CC59E008E8284 /* Libs */ = {
			isa = PBXGroup;
			children = (
				38FC3903207BCA1B00FD055F /* SDWebImage */,
				38FC38DA2079E45400FD055F /* AFNetworking */,
				38FC38522077FEFF00FD055F /* ShareSDK */,
				383FFF3520731A04000E8631 /* SVProgressHUD */,
				38F2A1FD20727D2600F80D92 /* SMSSDK */,
			);
			path = Libs;
			sourceTree = "<group>";
		};
		381F9655206CC5A7008E8284 /* Resources */ = {
			isa = PBXGroup;
			children = (
				38FC394C207D029900FD055F /* LaunchTour.mp4 */,
			);
			path = Resources;
			sourceTree = "<group>";
		};
		381F9656206CC5B1008E8284 /* Classes */ = {
			isa = PBXGroup;
			children = (
				38F2A216207313CC00F80D92 /* Utility */,
				381F968B206D35B3008E8284 /* Main */,
				381F9658206CC5B1008E8284 /* Launch */,
				381F9662206CC5B1008E8284 /* Base */,
			);
			path = Classes;
			sourceTree = "<group>";
		};
		381F9658206CC5B1008E8284 /* Launch */ = {
			isa = PBXGroup;
			children = (
				381F9659206CC5B1008E8284 /* Controller */,
				381F965C206CC5B1008E8284 /* Model */,
				381F965D206CC5B1008E8284 /* View */,
			);
			path = Launch;
			sourceTree = "<group>";
		};
		381F9659206CC5B1008E8284 /* Controller */ = {
			isa = PBXGroup;
			children = (
				381F966E206CCAF0008E8284 /* Register */,
				381F966D206CCAEA008E8284 /* Login */,
				381F9668206CC7D5008E8284 /* PSLaunchViewController.h */,
				381F9669206CC7D5008E8284 /* PSLaunchViewController.m */,
				381F966B206CC7F1008E8284 /* PSLaunchViewController.storyboard */,
			);
			path = Controller;
			sourceTree = "<group>";
		};
		381F965C206CC5B1008E8284 /* Model */ = {
			isa = PBXGroup;
			children = (
			);
			path = Model;
			sourceTree = "<group>";
		};
		381F965D206CC5B1008E8284 /* View */ = {
			isa = PBXGroup;
			children = (
			);
			path = View;
			sourceTree = "<group>";
		};
		381F9662206CC5B1008E8284 /* Base */ = {
			isa = PBXGroup;
			children = (
				381F9663206CC5B1008E8284 /* Controller */,
				381F9666206CC5B1008E8284 /* Model */,
				381F9667206CC5B1008E8284 /* View */,
			);
			path = Base;
			sourceTree = "<group>";
		};
		381F9663206CC5B1008E8284 /* Controller */ = {
			isa = PBXGroup;
			children = (
				381F9664206CC5B1008E8284 /* PSBaseViewController.h */,
				381F9665206CC5B1008E8284 /* PSBaseViewController.m */,
			);
			path = Controller;
			sourceTree = "<group>";
		};
		381F9666206CC5B1008E8284 /* Model */ = {
			isa = PBXGroup;
			children = (
			);
			path = Model;
			sourceTree = "<group>";
		};
		381F9667206CC5B1008E8284 /* View */ = {
			isa = PBXGroup;
			children = (
			);
			path = View;
			sourceTree = "<group>";
		};
		381F966D206CCAEA008E8284 /* Login */ = {
			isa = PBXGroup;
			children = (
				381F9688206D16FF008E8284 /* PSLoginViewController.h */,
				381F9689206D16FF008E8284 /* PSLoginViewController.m */,
				383FFF4820737104000E8631 /* PSLoginWithPasswordViewController.h */,
				383FFF4920737104000E8631 /* PSLoginWithPasswordViewController.m */,
			);
			path = Login;
			sourceTree = "<group>";
		};
		381F966E206CCAF0008E8284 /* Register */ = {
			isa = PBXGroup;
			children = (
				381F967E206CD676008E8284 /* PSRegisterViewController.h */,
				381F967F206CD676008E8284 /* PSRegisterViewController.m */,
			);
			path = Register;
			sourceTree = "<group>";
		};
		381F968B206D35B3008E8284 /* Main */ = {
			isa = PBXGroup;
			children = (
				383FFF4D2073CBF9000E8631 /* UserPage */,
				381F9698206D59EF008E8284 /* Me */,
				381F968C206D35B3008E8284 /* Home */,
				381F968D206D35B3008E8284 /* ShopCart */,
				381F968E206D35B3008E8284 /* ShowGround */,
				381F9690206D35B3008E8284 /* MyShow */,
				381F9691206D35FB008E8284 /* PSMain.storyboard */,
				381F9693206D3812008E8284 /* PSMainTabBarController.h */,
				381F9694206D3812008E8284 /* PSMainTabBarController.m */,
			);
			path = Main;
			sourceTree = "<group>";
		};
		381F968C206D35B3008E8284 /* Home */ = {
			isa = PBXGroup;
			children = (
				38FC38FA207BBD2F00FD055F /* View */,
				38FC38F8207BBD1F00FD055F /* Controller */,
				38FC38F9207BBD2700FD055F /* Model */,
			);
			path = Home;
			sourceTree = "<group>";
		};
		381F968D206D35B3008E8284 /* ShopCart */ = {
			isa = PBXGroup;
			children = (
				381F96AB207118C3008E8284 /* Model */,
				381F96AA207118BB008E8284 /* View */,
				381F96A9207118B0008E8284 /* Controller */,
			);
			path = ShopCart;
			sourceTree = "<group>";
		};
		381F968E206D35B3008E8284 /* ShowGround */ = {
			isa = PBXGroup;
			children = (
				381F96C82071FA77008E8284 /* View */,
				381F96C72071FA6F008E8284 /* Model */,
				381F96C62071FA67008E8284 /* Controller */,
			);
			path = ShowGround;
			sourceTree = "<group>";
		};
		381F9690206D35B3008E8284 /* MyShow */ = {
			isa = PBXGroup;
			children = (
				381F96CB2071FA93008E8284 /* View */,
				381F96CA2071FA8B008E8284 /* Model */,
				381F96C92071FA87008E8284 /* Controller */,
			);
			path = MyShow;
			sourceTree = "<group>";
		};
		381F9698206D59EF008E8284 /* Me */ = {
			isa = PBXGroup;
			children = (
				381F9699206D59EF008E8284 /* Controller */,
				381F969A206D59EF008E8284 /* Model */,
				381F969B206D59EF008E8284 /* View */,
			);
			path = Me;
			sourceTree = "<group>";
		};
		381F9699206D59EF008E8284 /* Controller */ = {
			isa = PBXGroup;
			children = (
				381F969C206D5A3C008E8284 /* PSMeViewController.h */,
				381F969D206D5A3C008E8284 /* PSMeViewController.m */,
			);
			path = Controller;
			sourceTree = "<group>";
		};
		381F969A206D59EF008E8284 /* Model */ = {
			isa = PBXGroup;
			children = (
			);
			path = Model;
			sourceTree = "<group>";
		};
		381F969B206D59EF008E8284 /* View */ = {
			isa = PBXGroup;
			children = (
				381F969F206D5A58008E8284 /* PSMeTableView.h */,
				381F96A0206D5A58008E8284 /* PSMeTableView.m */,
				381F96A4206DEE49008E8284 /* PSMeHeaderTableViewCell.h */,
				381F96A5206DEE49008E8284 /* PSMeHeaderTableViewCell.m */,
				381F96A6206DEE49008E8284 /* PSMeHeaderTableViewCell.xib */,
			);
			path = View;
			sourceTree = "<group>";
		};
		381F96A9207118B0008E8284 /* Controller */ = {
			isa = PBXGroup;
			children = (
				381F96B4207119AF008E8284 /* PSShopCartListViewController.h */,
				381F96B5207119AF008E8284 /* PSShopCartListViewController.m */,
				381F96BC2071421C008E8284 /* PSShopCartShopDetailViewController.h */,
				381F96BD2071421C008E8284 /* PSShopCartShopDetailViewController.m */,
				381F96BE2071421C008E8284 /* PSShopCartShopDetailViewController.xib */,
				381F96C120714263008E8284 /* PSShopCartGoodsDetailViewController.h */,
				381F96C220714263008E8284 /* PSShopCartGoodsDetailViewController.m */,
				381F96C320714263008E8284 /* PSShopCartGoodsDetailViewController.xib */,
			);
			path = Controller;
			sourceTree = "<group>";
		};
		381F96AA207118BB008E8284 /* View */ = {
			isa = PBXGroup;
			children = (
				381F96AF20711964008E8284 /* PSShopCartTableViewCell.h */,
				381F96B020711964008E8284 /* PSShopCartTableViewCell.m */,
				381F96B120711964008E8284 /* PSShopCartTableViewCell.xib */,
			);
			path = View;
			sourceTree = "<group>";
		};
		381F96AB207118C3008E8284 /* Model */ = {
			isa = PBXGroup;
			children = (
			);
			path = Model;
			sourceTree = "<group>";
		};
		381F96C62071FA67008E8284 /* Controller */ = {
			isa = PBXGroup;
			children = (
				381F96CC2071FAC8008E8284 /* PSShowGroundViewController.h */,
				381F96CD2071FAC8008E8284 /* PSShowGroundViewController.m */,
			);
			path = Controller;
			sourceTree = "<group>";
		};
		381F96C72071FA6F008E8284 /* Model */ = {
			isa = PBXGroup;
			children = (
			);
			path = Model;
			sourceTree = "<group>";
		};
		381F96C82071FA77008E8284 /* View */ = {
			isa = PBXGroup;
			children = (
				381F96D22071FD06008E8284 /* PSShowGroundCell.h */,
				381F96D32071FD06008E8284 /* PSShowGroundCell.m */,
				381F96D42071FD06008E8284 /* PSShowGroundCell.xib */,
			);
			path = View;
			sourceTree = "<group>";
		};
		381F96C92071FA87008E8284 /* Controller */ = {
			isa = PBXGroup;
			children = (
				381F96CF2071FADD008E8284 /* PSMyShowViewController.h */,
				381F96D02071FADD008E8284 /* PSMyShowViewController.m */,
			);
			path = Controller;
			sourceTree = "<group>";
		};
		381F96CA2071FA8B008E8284 /* Model */ = {
			isa = PBXGroup;
			children = (
			);
			path = Model;
			sourceTree = "<group>";
		};
		381F96CB2071FA93008E8284 /* View */ = {
			isa = PBXGroup;
			children = (
			);
			path = View;
			sourceTree = "<group>";
		};
		383FFF3520731A04000E8631 /* SVProgressHUD */ = {
			isa = PBXGroup;
			children = (
				383FFF3620731A04000E8631 /* SVRadialGradientLayer.m */,
				383FFF3720731A04000E8631 /* SVIndefiniteAnimatedView.h */,
				383FFF3820731A04000E8631 /* SVProgressHUD.h */,
				383FFF3920731A04000E8631 /* SVProgressAnimatedView.m */,
				383FFF3A20731A04000E8631 /* SVProgressHUD-Prefix.pch */,
				383FFF3B20731A04000E8631 /* SVRadialGradientLayer.h */,
				383FFF3C20731A04000E8631 /* SVProgressHUD.m */,
				383FFF3D20731A04000E8631 /* SVIndefiniteAnimatedView.m */,
				383FFF3E20731A04000E8631 /* SVProgressHUD.bundle */,
				383FFF3F20731A04000E8631 /* SVProgressAnimatedView.h */,
			);
			path = SVProgressHUD;
			sourceTree = "<group>";
		};
		383FFF4D2073CBF9000E8631 /* UserPage */ = {
			isa = PBXGroup;
			children = (
				383FFF4E2073CBF9000E8631 /* Controller */,
				383FFF4F2073CBF9000E8631 /* Model */,
				383FFF502073CBF9000E8631 /* View */,
			);
			path = UserPage;
			sourceTree = "<group>";
		};
		383FFF4E2073CBF9000E8631 /* Controller */ = {
			isa = PBXGroup;
			children = (
				38FC37672074791A00FD055F /* PSUserPageViewController.h */,
				38FC37682074791A00FD055F /* PSUserPageViewController.m */,
				38FC37692074791A00FD055F /* PSUserPageViewController.xib */,
			);
			path = Controller;
			sourceTree = "<group>";
		};
		383FFF4F2073CBF9000E8631 /* Model */ = {
			isa = PBXGroup;
			children = (
			);
			path = Model;
			sourceTree = "<group>";
		};
		383FFF502073CBF9000E8631 /* View */ = {
			isa = PBXGroup;
			children = (
				38FC37622073DD5300FD055F /* PSUserPageHeaderView.h */,
				38FC37632073DD5300FD055F /* PSUserPageHeaderView.m */,
				38FC376F20748A1800FD055F /* PSUserPageListFollowCell.h */,
				38FC377020748A1800FD055F /* PSUserPageListFollowCell.m */,
				38FC377120748A1800FD055F /* PSUserPageListFollowCell.xib */,
				38FC37772074A04E00FD055F /* PSUserPageList.h */,
				38FC37782074A04E00FD055F /* PSUserPageList.m */,
			);
			path = View;
			sourceTree = "<group>";
		};
		38F2A1FD20727D2600F80D92 /* SMSSDK */ = {
			isa = PBXGroup;
			children = (
				38F2A1FE20727D2600F80D92 /* SMSSDK */,
				38F2A20020727D2600F80D92 /* Required */,
			);
			path = SMSSDK;
			sourceTree = "<group>";
		};
		38F2A1FE20727D2600F80D92 /* SMSSDK */ = {
			isa = PBXGroup;
			children = (
				38F2A1FF20727D2600F80D92 /* SMS_SDK.framework */,
			);
			path = SMSSDK;
			sourceTree = "<group>";
		};
		38F2A20020727D2600F80D92 /* Required */ = {
			isa = PBXGroup;
			children = (
				38F2A20120727D2600F80D92 /* MOBFoundation.framework */,
			);
			path = Required;
			sourceTree = "<group>";
		};
		38F2A20220727DEE00F80D92 /* Frameworks */ = {
			isa = PBXGroup;
			children = (
				38FC37CB2077F5AA00FD055F /* ImageIO.framework */,
				38FC37C92077F5A300FD055F /* libsqlite3.tbd */,
				383FFF4120731AE2000E8631 /* QuartzCore.framework */,
				38F2A21120727E3000F80D92 /* AdSupport.framework */,
				38F2A20F20727E2800F80D92 /* CoreTelephony.framework */,
				38F2A20D20727E1E00F80D92 /* SystemConfiguration.framework */,
				38F2A20B20727E1400F80D92 /* libstdc++.tbd */,
				38F2A20920727E0B00F80D92 /* JavaScriptCore.framework */,
				38F2A20720727E0300F80D92 /* MessageUI.framework */,
				38F2A20520727DFA00F80D92 /* libicucore.tbd */,
				38F2A20320727DEF00F80D92 /* libz.tbd */,
			);
			name = Frameworks;
			sourceTree = "<group>";
		};
		38F2A216207313CC00F80D92 /* Utility */ = {
			isa = PBXGroup;
			children = (
				38FC394E207D071700FD055F /* PSButton */,
				38FC38F1207B4F0200FD055F /* PSUser */,
				38FC38D92079E42700FD055F /* PSNetoperation */,
				38FC379B207757FF00FD055F /* PSShare */,
			);
			path = Utility;
			sourceTree = "<group>";
		};
		38FC379B207757FF00FD055F /* PSShare */ = {
			isa = PBXGroup;
			children = (
				38FC379C207757FF00FD055F /* Controller */,
				38FC379D207757FF00FD055F /* Model */,
				38FC379E207757FF00FD055F /* View */,
			);
			path = PSShare;
			sourceTree = "<group>";
		};
		38FC379C207757FF00FD055F /* Controller */ = {
			isa = PBXGroup;
			children = (
			);
			path = Controller;
			sourceTree = "<group>";
		};
		38FC379D207757FF00FD055F /* Model */ = {
			isa = PBXGroup;
			children = (
				38FC37AA2077ECE200FD055F /* PSShareItem.h */,
				38FC37AB2077ECE200FD055F /* PSShareItem.m */,
			);
			path = Model;
			sourceTree = "<group>";
		};
		38FC379E207757FF00FD055F /* View */ = {
			isa = PBXGroup;
			children = (
				38FC379F2077581700FD055F /* PSShareView.h */,
				38FC37A02077581700FD055F /* PSShareView.m */,
				38FC37A52077CA5600FD055F /* PSShareCollectionViewCell.h */,
				38FC37A62077CA5600FD055F /* PSShareCollectionViewCell.m */,
				38FC37A72077CA5600FD055F /* PSShareCollectionViewCell.xib */,
			);
			path = View;
			sourceTree = "<group>";
		};
		38FC38522077FEFF00FD055F /* ShareSDK */ = {
			isa = PBXGroup;
			children = (
				38FC38532077FEFF00FD055F /* ShareSDK */,
				38FC38742077FEFF00FD055F /* Required */,
			);
			path = ShareSDK;
			sourceTree = "<group>";
		};
		38FC38532077FEFF00FD055F /* ShareSDK */ = {
			isa = PBXGroup;
			children = (
				38FC38542077FEFF00FD055F /* Support */,
				38FC38732077FEFF00FD055F /* ShareSDK.framework */,
			);
			path = ShareSDK;
			sourceTree = "<group>";
		};
		38FC38542077FEFF00FD055F /* Support */ = {
			isa = PBXGroup;
			children = (
				38FC38552077FEFF00FD055F /* PlatformSDK */,
				38FC38632077FEFF00FD055F /* Required */,
				38FC38662077FEFF00FD055F /* Optional */,
				38FC386C2077FEFF00FD055F /* PlatformConnector */,
			);
			path = Support;
			sourceTree = "<group>";
		};
		38FC38552077FEFF00FD055F /* PlatformSDK */ = {
			isa = PBXGroup;
			children = (
				38FC38562077FEFF00FD055F /* SinaWeiboSDK */,
				38FC385B2077FEFF00FD055F /* WeChatSDK */,
				38FC38612077FEFF00FD055F /* QQSDK */,
			);
			path = PlatformSDK;
			sourceTree = "<group>";
		};
		38FC38562077FEFF00FD055F /* SinaWeiboSDK */ = {
			isa = PBXGroup;
			children = (
				38FC38572077FEFF00FD055F /* WeiboSDK.bundle */,
				38FC38582077FEFF00FD055F /* libWeiboSDK.a */,
				38FC38592077FEFF00FD055F /* WBHttpRequest.h */,
				38FC385A2077FEFF00FD055F /* WeiboSDK.h */,
			);
			path = SinaWeiboSDK;
			sourceTree = "<group>";
		};
		38FC385B2077FEFF00FD055F /* WeChatSDK */ = {
			isa = PBXGroup;
			children = (
				38FC385C2077FEFF00FD055F /* WXApi.h */,
				38FC385D2077FEFF00FD055F /* WXApiObject.h */,
				38FC385E2077FEFF00FD055F /* README.txt */,
				38FC385F2077FEFF00FD055F /* WechatAuthSDK.h */,
				38FC38602077FEFF00FD055F /* libWeChatSDK.a */,
			);
			path = WeChatSDK;
			sourceTree = "<group>";
		};
		38FC38612077FEFF00FD055F /* QQSDK */ = {
			isa = PBXGroup;
			children = (
				38FC38622077FEFF00FD055F /* TencentOpenAPI.framework */,
			);
			path = QQSDK;
			sourceTree = "<group>";
		};
		38FC38632077FEFF00FD055F /* Required */ = {
			isa = PBXGroup;
			children = (
				38FC38642077FEFF00FD055F /* ShareSDKConnector.framework */,
				38FC38652077FEFF00FD055F /* ShareSDK.bundle */,
			);
			path = Required;
			sourceTree = "<group>";
		};
		38FC38662077FEFF00FD055F /* Optional */ = {
			isa = PBXGroup;
			children = (
				38FC38672077FEFF00FD055F /* ShareSDKUI.bundle */,
				38FC38682077FEFF00FD055F /* ShareSDKConfigFile.framework */,
				38FC38692077FEFF00FD055F /* ShareSDKExtension.framework */,
				38FC386A2077FEFF00FD055F /* ShareSDKUI.framework */,
				38FC386B2077FEFF00FD055F /* ShareSDKConfigFile.bundle */,
			);
			path = Optional;
			sourceTree = "<group>";
		};
		38FC386C2077FEFF00FD055F /* PlatformConnector */ = {
			isa = PBXGroup;
			children = (
				38FC386D2077FEFF00FD055F /* SMSConnector.framework */,
				38FC386E2077FEFF00FD055F /* MailConnector.framework */,
				38FC386F2077FEFF00FD055F /* QQConnector.framework */,
				38FC38702077FEFF00FD055F /* CopyConnector.framework */,
				38FC38712077FEFF00FD055F /* WechatConnector.framework */,
				38FC38722077FEFF00FD055F /* SinaWeiboConnector.framework */,
			);
			path = PlatformConnector;
			sourceTree = "<group>";
		};
		38FC38742077FEFF00FD055F /* Required */ = {
			isa = PBXGroup;
			children = (
				38FC38752077FEFF00FD055F /* MOBFoundation.framework */,
			);
			path = Required;
			sourceTree = "<group>";
		};
		38FC38D92079E42700FD055F /* PSNetoperation */ = {
			isa = PBXGroup;
			children = (
				38FC38E82079E48800FD055F /* PSNetoperation.h */,
				38FC38E92079E48800FD055F /* PSNetoperation.m */,
			);
			path = PSNetoperation;
			sourceTree = "<group>";
		};
		38FC38DA2079E45400FD055F /* AFNetworking */ = {
			isa = PBXGroup;
			children = (
				38FC38DB2079E45400FD055F /* AFSecurityPolicy.h */,
				38FC38DC2079E45400FD055F /* AFNetworkReachabilityManager.h */,
				38FC38DD2079E45400FD055F /* AFURLSessionManager.h */,
				38FC38DE2079E45400FD055F /* AFURLRequestSerialization.h */,
				38FC38DF2079E45400FD055F /* AFURLResponseSerialization.m */,
				38FC38E02079E45400FD055F /* AFHTTPSessionManager.m */,
				38FC38E12079E45400FD055F /* AFURLResponseSerialization.h */,
				38FC38E22079E45400FD055F /* AFURLSessionManager.m */,
				38FC38E32079E45400FD055F /* AFURLRequestSerialization.m */,
				38FC38E42079E45400FD055F /* AFNetworking.h */,
				38FC38E52079E45400FD055F /* AFNetworkReachabilityManager.m */,
				38FC38E62079E45400FD055F /* AFSecurityPolicy.m */,
				38FC38E72079E45400FD055F /* AFHTTPSessionManager.h */,
			);
			path = AFNetworking;
			sourceTree = "<group>";
		};
		38FC38F1207B4F0200FD055F /* PSUser */ = {
			isa = PBXGroup;
			children = (
				38FC38F2207B4F1B00FD055F /* PSUserManager.h */,
				38FC38F3207B4F1B00FD055F /* PSUserManager.m */,
			);
			path = PSUser;
			sourceTree = "<group>";
		};
		38FC38F8207BBD1F00FD055F /* Controller */ = {
			isa = PBXGroup;
			children = (
				38FC3948207C899C00FD055F /* PSHomeViewController.h */,
				38FC3949207C899C00FD055F /* PSHomeViewController.m */,
			);
			path = Controller;
			sourceTree = "<group>";
		};
		38FC38F9207BBD2700FD055F /* Model */ = {
			isa = PBXGroup;
			children = (
				38FC395A207DC04900FD055F /* PSHomeCarouselItem.h */,
				38FC395B207DC04900FD055F /* PSHomeCarouselItem.m */,
				383EAF8B207E2017009E57CE /* PSHomeProductListItem.h */,
				383EAF8C207E2017009E57CE /* PSHomeProductListItem.m */,
			);
			path = Model;
			sourceTree = "<group>";
		};
		38FC38FA207BBD2F00FD055F /* View */ = {
			isa = PBXGroup;
			children = (
				38FC38FE207BC06400FD055F /* PSHomeCarousel.h */,
				38FC38FF207BC06400FD055F /* PSHomeCarousel.m */,
				38FC3900207BC06400FD055F /* PSHomeCarousel.xib */,
				38FC3952207D227C00FD055F /* PSHomeGoodsCell.h */,
				38FC3953207D227C00FD055F /* PSHomeGoodsCell.m */,
				38FC3954207D227C00FD055F /* PSHomeGoodsCell.xib */,
				38FC3957207D39F200FD055F /* PSFancyBtn.h */,
				38FC3958207D39F200FD055F /* PSFancyBtn.m */,
			);
			path = View;
			sourceTree = "<group>";
		};
		38FC3903207BCA1B00FD055F /* SDWebImage */ = {
			isa = PBXGroup;
			children = (
				38FC3904207BCA1C00FD055F /* SDAnimatedImageRep.h */,
				38FC3905207BCA1C00FD055F /* UIImage+WebP.m */,
				38FC3906207BCA1C00FD055F /* MKAnnotationView+WebCache.m */,
				38FC3907207BCA1C00FD055F /* NSButton+WebCache.h */,
				38FC3908207BCA1C00FD055F /* SDWebImageCoder.h */,
				38FC3909207BCA1C00FD055F /* NSImage+WebCache.h */,
				38FC390A207BCA1C00FD055F /* UIImageView+WebCache.h */,
				38FC390B207BCA1C00FD055F /* NSData+ImageContentType.h */,
				38FC390C207BCA1C00FD055F /* SDWebImageTransition.h */,
				38FC390D207BCA1C00FD055F /* SDWebImageManager.m */,
				38FC390E207BCA1C00FD055F /* SDWebImageDownloaderOperation.h */,
				38FC390F207BCA1C00FD055F /* UIImageView+HighlightedWebCache.m */,
				38FC3910207BCA1C00FD055F /* SDWebImageFrame.m */,
				38FC3911207BCA1C00FD055F /* SDImageCache.h */,
				38FC3912207BCA1C00FD055F /* UIImage+ForceDecode.m */,
				38FC3913207BCA1C00FD055F /* SDImageCacheConfig.h */,
				38FC3914207BCA1C00FD055F /* SDWebImageCodersManager.m */,
				38FC3915207BCA1C00FD055F /* FLAnimatedImage */,
				38FC3918207BCA1C00FD055F /* SDWebImageDownloader.m */,
				38FC3919207BCA1C00FD055F /* SDWebImageGIFCoder.h */,
				38FC391A207BCA1C00FD055F /* SDWebImageWebPCoder.h */,
				38FC391B207BCA1C00FD055F /* UIImage+GIF.m */,
				38FC391C207BCA1C00FD055F /* UIButton+WebCache.h */,
				38FC391D207BCA1C00FD055F /* UIImage+MultiFormat.m */,
				38FC391E207BCA1C00FD055F /* SDWebImageCoderHelper.m */,
				38FC391F207BCA1C00FD055F /* SDWebImageCompat.m */,
				38FC3920207BCA1C00FD055F /* SDWebImageImageIOCoder.h */,
				38FC3921207BCA1C00FD055F /* SDWebImagePrefetcher.m */,
				38FC3922207BCA1C00FD055F /* UIView+WebCache.h */,
				38FC3923207BCA1C00FD055F /* UIView+WebCacheOperation.h */,
				38FC3924207BCA1C00FD055F /* SDWebImageCoder.m */,
				38FC3925207BCA1C00FD055F /* NSButton+WebCache.m */,
				38FC3926207BCA1C00FD055F /* MKAnnotationView+WebCache.h */,
				38FC3927207BCA1C00FD055F /* UIImage+WebP.h */,
				38FC3928207BCA1C00FD055F /* SDAnimatedImageRep.m */,
				38FC3929207BCA1C00FD055F /* SDImageCache.m */,
				38FC392A207BCA1C00FD055F /* SDWebImageFrame.h */,
				38FC392B207BCA1C00FD055F /* UIImageView+HighlightedWebCache.h */,
				38FC392C207BCA1C00FD055F /* SDWebImageDownloaderOperation.m */,
				38FC392D207BCA1C00FD055F /* SDWebImageTransition.m */,
				38FC392E207BCA1C00FD055F /* SDWebImageManager.h */,
				38FC392F207BCA1C00FD055F /* NSData+ImageContentType.m */,
				38FC3930207BCA1C00FD055F /* UIImageView+WebCache.m */,
				38FC3931207BCA1C00FD055F /* SDWebImageOperation.h */,
				38FC3932207BCA1C00FD055F /* NSImage+WebCache.m */,
				38FC3933207BCA1C00FD055F /* SDWebImageGIFCoder.m */,
				38FC3934207BCA1C00FD055F /* SDWebImageDownloader.h */,
				38FC3935207BCA1C00FD055F /* SDImageCacheConfig.m */,
				38FC3936207BCA1C00FD055F /* SDWebImageCodersManager.h */,
				38FC3937207BCA1C00FD055F /* UIImage+ForceDecode.h */,
				38FC3938207BCA1C00FD055F /* UIView+WebCacheOperation.m */,
				38FC3939207BCA1C00FD055F /* UIView+WebCache.m */,
				38FC393A207BCA1C00FD055F /* SDWebImagePrefetcher.h */,
				38FC393B207BCA1C00FD055F /* SDWebImageImageIOCoder.m */,
				38FC393C207BCA1C00FD055F /* SDWebImageCompat.h */,
				38FC393D207BCA1C00FD055F /* SDWebImageCoderHelper.h */,
				38FC393E207BCA1C00FD055F /* UIImage+MultiFormat.h */,
				38FC393F207BCA1C00FD055F /* UIButton+WebCache.m */,
				38FC3940207BCA1C00FD055F /* SDWebImageWebPCoder.m */,
				38FC3941207BCA1C00FD055F /* UIImage+GIF.h */,
			);
			path = SDWebImage;
			sourceTree = "<group>";
		};
		38FC3915207BCA1C00FD055F /* FLAnimatedImage */ = {
			isa = PBXGroup;
			children = (
				38FC3916207BCA1C00FD055F /* FLAnimatedImageView+WebCache.m */,
				38FC3917207BCA1C00FD055F /* FLAnimatedImageView+WebCache.h */,
			);
			path = FLAnimatedImage;
			sourceTree = "<group>";
		};
		38FC394E207D071700FD055F /* PSButton */ = {
			isa = PBXGroup;
			children = (
				38FC394F207D074900FD055F /* PSButton.h */,
				38FC3950207D074900FD055F /* PSButton.m */,
			);
			path = PSButton;
			sourceTree = "<group>";
		};
/* End PBXGroup section */

/* Begin PBXNativeTarget section */
		381F9634206CC3B4008E8284 /* PandoraSecret */ = {
			isa = PBXNativeTarget;
			buildConfigurationList = 381F964B206CC3B4008E8284 /* Build configuration list for PBXNativeTarget "PandoraSecret" */;
			buildPhases = (
				381F9631206CC3B4008E8284 /* Sources */,
				381F9632206CC3B4008E8284 /* Frameworks */,
				381F9633206CC3B4008E8284 /* Resources */,
			);
			buildRules = (
			);
			dependencies = (
			);
			name = PandoraSecret;
			productName = PandoraSecret;
			productReference = 381F9635206CC3B4008E8284 /* PandoraSecret.app */;
			productType = "com.apple.product-type.application";
		};
/* End PBXNativeTarget section */

/* Begin PBXProject section */
		381F962D206CC3B4008E8284 /* Project object */ = {
			isa = PBXProject;
			attributes = {
				LastUpgradeCheck = 0900;
				ORGANIZATIONNAME = chengfengYang;
				TargetAttributes = {
					381F9634206CC3B4008E8284 = {
						CreatedOnToolsVersion = 9.0;
						ProvisioningStyle = Automatic;
					};
				};
			};
			buildConfigurationList = 381F9630206CC3B4008E8284 /* Build configuration list for PBXProject "PandoraSecret" */;
			compatibilityVersion = "Xcode 8.0";
			developmentRegion = en;
			hasScannedForEncodings = 0;
			knownRegions = (
				en,
				Base,
			);
			mainGroup = 381F962C206CC3B4008E8284;
			productRefGroup = 381F9636206CC3B4008E8284 /* Products */;
			projectDirPath = "";
			projectRoot = "";
			targets = (
				381F9634206CC3B4008E8284 /* PandoraSecret */,
			);
		};
/* End PBXProject section */

/* Begin PBXResourcesBuildPhase section */
		381F9633206CC3B4008E8284 /* Resources */ = {
			isa = PBXResourcesBuildPhase;
			buildActionMask = 2147483647;
			files = (
				38FC394D207D030A00FD055F /* LaunchTour.mp4 in Resources */,
				383FFF4020731A8D000E8631 /* SVProgressHUD.bundle in Resources */,
				38FC3902207BC06400FD055F /* PSHomeCarousel.xib in Resources */,
				381F96C02071421C008E8284 /* PSShopCartShopDetailViewController.xib in Resources */,
				38FC37A92077CA5600FD055F /* PSShareCollectionViewCell.xib in Resources */,
				381F96D62071FD06008E8284 /* PSShowGroundCell.xib in Resources */,
				38FC376B2074791A00FD055F /* PSUserPageViewController.xib in Resources */,
				381F9692206D35FB008E8284 /* PSMain.storyboard in Resources */,
				381F9645206CC3B4008E8284 /* LaunchScreen.storyboard in Resources */,
				381F96A8206DEE49008E8284 /* PSMeHeaderTableViewCell.xib in Resources */,
				38FC377320748A1800FD055F /* PSUserPageListFollowCell.xib in Resources */,
				381F9642206CC3B4008E8284 /* Assets.xcassets in Resources */,
				38FC3956207D227C00FD055F /* PSHomeGoodsCell.xib in Resources */,
				381F96C520714263008E8284 /* PSShopCartGoodsDetailViewController.xib in Resources */,
				381F96B320711964008E8284 /* PSShopCartTableViewCell.xib in Resources */,
				381F966C206CC7F1008E8284 /* PSLaunchViewController.storyboard in Resources */,
			);
			runOnlyForDeploymentPostprocessing = 0;
		};
/* End PBXResourcesBuildPhase section */

/* Begin PBXSourcesBuildPhase section */
		381F9631206CC3B4008E8284 /* Sources */ = {
			isa = PBXSourcesBuildPhase;
			buildActionMask = 2147483647;
			files = (
				383EAF8A207DF708009E57CE /* NSData+ImageContentType.m in Sources */,
				383EAF88207DF291009E57CE /* UIView+WebCacheOperation.m in Sources */,
				383EAF89207DF291009E57CE /* UIView+WebCache.m in Sources */,
				383EAF87207DF1ED009E57CE /* SDWebImageFrame.m in Sources */,
				383EAF86207DF1E5009E57CE /* SDWebImageImageIOCoder.m in Sources */,
				383EAF85207DF1A9009E57CE /* SDWebImageDownloaderOperation.m in Sources */,
				383EAF83207DF18F009E57CE /* SDWebImageCoderHelper.m in Sources */,
				383EAF84207DF18F009E57CE /* SDWebImageCompat.m in Sources */,
				383EAF82207DF16F009E57CE /* SDWebImageCodersManager.m in Sources */,
				383EAF81207DF161009E57CE /* SDWebImageDownloader.m in Sources */,
				383EAF80207DF13F009E57CE /* SDImageCacheConfig.m in Sources */,
				383EAF7F207DF136009E57CE /* SDWebImageCoder.m in Sources */,
				383EAF7E207DF11D009E57CE /* SDImageCache.m in Sources */,
				383EAF7D207DF105009E57CE /* SDWebImageManager.m in Sources */,
				383EAF8D207E2017009E57CE /* PSHomeProductListItem.m in Sources */,
				383EAF7C207DF0E3009E57CE /* UIImageView+WebCache.m in Sources */,
				38FC38EF2079E78F00FD055F /* AFURLSessionManager.m in Sources */,
				38FC38F02079E78F00FD055F /* AFURLRequestSerialization.m in Sources */,
				38FC38ED2079E77F00FD055F /* AFNetworkReachabilityManager.m in Sources */,
				38FC38EE2079E77F00FD055F /* AFSecurityPolicy.m in Sources */,
				38FC38EB2079E77100FD055F /* AFURLResponseSerialization.m in Sources */,
				38FC38EC2079E77100FD055F /* AFHTTPSessionManager.m in Sources */,
				38FC37AC2077ECE200FD055F /* PSShareItem.m in Sources */,
				381F9648206CC3B4008E8284 /* main.m in Sources */,
				38FC37A12077581700FD055F /* PSShareView.m in Sources */,
				38FC3901207BC06400FD055F /* PSHomeCarousel.m in Sources */,
				383FFF4720731E57000E8631 /* SVIndefiniteAnimatedView.m in Sources */,
				383FFF4620731E4E000E8631 /* SVProgressAnimatedView.m in Sources */,
				383FFF4520731E43000E8631 /* SVRadialGradientLayer.m in Sources */,
				38FC37642073DD5300FD055F /* PSUserPageHeaderView.m in Sources */,
				38FC394A207C899C00FD055F /* PSHomeViewController.m in Sources */,
				383FFF4420731E14000E8631 /* SVProgressHUD.m in Sources */,
				381F96C420714263008E8284 /* PSShopCartGoodsDetailViewController.m in Sources */,
				38FC3959207D39F200FD055F /* PSFancyBtn.m in Sources */,
				381F96BF2071421C008E8284 /* PSShopCartShopDetailViewController.m in Sources */,
				381F96A1206D5A58008E8284 /* PSMeTableView.m in Sources */,
				381F9695206D3812008E8284 /* PSMainTabBarController.m in Sources */,
				38FC3951207D074900FD055F /* PSButton.m in Sources */,
				38FC38EA2079E48800FD055F /* PSNetoperation.m in Sources */,
				381F963A206CC3B4008E8284 /* AppDelegate.m in Sources */,
				38FC376A2074791A00FD055F /* PSUserPageViewController.m in Sources */,
				383FFF4A20737104000E8631 /* PSLoginWithPasswordViewController.m in Sources */,
				381F969E206D5A3C008E8284 /* PSMeViewController.m in Sources */,
				381F96B220711964008E8284 /* PSShopCartTableViewCell.m in Sources */,
				381F96CE2071FAC8008E8284 /* PSShowGroundViewController.m in Sources */,
				38FC3955207D227C00FD055F /* PSHomeGoodsCell.m in Sources */,
				381F9681206CD676008E8284 /* PSRegisterViewController.m in Sources */,
				38FC377220748A1800FD055F /* PSUserPageListFollowCell.m in Sources */,
				381F968A206D16FF008E8284 /* PSLoginViewController.m in Sources */,
				381F96A7206DEE49008E8284 /* PSMeHeaderTableViewCell.m in Sources */,
				38FC38F4207B4F1B00FD055F /* PSUserManager.m in Sources */,
				38FC37792074A04E00FD055F /* PSUserPageList.m in Sources */,
				381F96D52071FD06008E8284 /* PSShowGroundCell.m in Sources */,
				38FC37A82077CA5600FD055F /* PSShareCollectionViewCell.m in Sources */,
				381F96D12071FADD008E8284 /* PSMyShowViewController.m in Sources */,
				381F96B6207119AF008E8284 /* PSShopCartListViewController.m in Sources */,
				38FC395C207DC04900FD055F /* PSHomeCarouselItem.m in Sources */,
				381F9672206CCC8F008E8284 /* PSBaseViewController.m in Sources */,
				381F966A206CC7D5008E8284 /* PSLaunchViewController.m in Sources */,
			);
			runOnlyForDeploymentPostprocessing = 0;
		};
/* End PBXSourcesBuildPhase section */

/* Begin PBXVariantGroup section */
		381F9643206CC3B4008E8284 /* LaunchScreen.storyboard */ = {
			isa = PBXVariantGroup;
			children = (
				381F9644206CC3B4008E8284 /* Base */,
			);
			name = LaunchScreen.storyboard;
			sourceTree = "<group>";
		};
/* End PBXVariantGroup section */

/* Begin XCBuildConfiguration section */
		381F9649206CC3B4008E8284 /* Debug */ = {
			isa = XCBuildConfiguration;
			buildSettings = {
				ALWAYS_SEARCH_USER_PATHS = NO;
				CLANG_ANALYZER_NONNULL = YES;
				CLANG_ANALYZER_NUMBER_OBJECT_CONVERSION = YES_AGGRESSIVE;
				CLANG_CXX_LANGUAGE_STANDARD = "gnu++14";
				CLANG_CXX_LIBRARY = "libc++";
				CLANG_ENABLE_MODULES = YES;
				CLANG_ENABLE_OBJC_ARC = YES;
				CLANG_WARN_BLOCK_CAPTURE_AUTORELEASING = YES;
				CLANG_WARN_BOOL_CONVERSION = YES;
				CLANG_WARN_COMMA = YES;
				CLANG_WARN_CONSTANT_CONVERSION = YES;
				CLANG_WARN_DIRECT_OBJC_ISA_USAGE = YES_ERROR;
				CLANG_WARN_DOCUMENTATION_COMMENTS = YES;
				CLANG_WARN_EMPTY_BODY = YES;
				CLANG_WARN_ENUM_CONVERSION = YES;
				CLANG_WARN_INFINITE_RECURSION = YES;
				CLANG_WARN_INT_CONVERSION = YES;
				CLANG_WARN_NON_LITERAL_NULL_CONVERSION = YES;
				CLANG_WARN_OBJC_LITERAL_CONVERSION = YES;
				CLANG_WARN_OBJC_ROOT_CLASS = YES_ERROR;
				CLANG_WARN_RANGE_LOOP_ANALYSIS = YES;
				CLANG_WARN_STRICT_PROTOTYPES = YES;
				CLANG_WARN_SUSPICIOUS_MOVE = YES;
				CLANG_WARN_UNGUARDED_AVAILABILITY = YES_AGGRESSIVE;
				CLANG_WARN_UNREACHABLE_CODE = YES;
				CLANG_WARN__DUPLICATE_METHOD_MATCH = YES;
				CODE_SIGN_IDENTITY = "iPhone Developer";
				COPY_PHASE_STRIP = NO;
				DEBUG_INFORMATION_FORMAT = dwarf;
				ENABLE_BITCODE = NO;
				ENABLE_STRICT_OBJC_MSGSEND = YES;
				ENABLE_TESTABILITY = YES;
				GCC_C_LANGUAGE_STANDARD = gnu11;
				GCC_DYNAMIC_NO_PIC = NO;
				GCC_NO_COMMON_BLOCKS = YES;
				GCC_OPTIMIZATION_LEVEL = 0;
				GCC_PRECOMPILE_PREFIX_HEADER = YES;
				GCC_PREFIX_HEADER = /Users/linmeini/PandoraSecret/PandoraSecret/PandoraSecret/Macro.pch;
				GCC_PREPROCESSOR_DEFINITIONS = (
					"DEBUG=1",
					"$(inherited)",
				);
				GCC_WARN_64_TO_32_BIT_CONVERSION = YES;
				GCC_WARN_ABOUT_RETURN_TYPE = YES_ERROR;
				GCC_WARN_UNDECLARED_SELECTOR = YES;
				GCC_WARN_UNINITIALIZED_AUTOS = YES_AGGRESSIVE;
				GCC_WARN_UNUSED_FUNCTION = YES;
				GCC_WARN_UNUSED_VARIABLE = YES;
				HEADER_SEARCH_PATHS = "";
				IPHONEOS_DEPLOYMENT_TARGET = 11.0;
				MTL_ENABLE_DEBUG_INFO = YES;
				ONLY_ACTIVE_ARCH = YES;
				SDKROOT = iphoneos;
			};
			name = Debug;
		};
		381F964A206CC3B4008E8284 /* Release */ = {
			isa = XCBuildConfiguration;
			buildSettings = {
				ALWAYS_SEARCH_USER_PATHS = NO;
				CLANG_ANALYZER_NONNULL = YES;
				CLANG_ANALYZER_NUMBER_OBJECT_CONVERSION = YES_AGGRESSIVE;
				CLANG_CXX_LANGUAGE_STANDARD = "gnu++14";
				CLANG_CXX_LIBRARY = "libc++";
				CLANG_ENABLE_MODULES = YES;
				CLANG_ENABLE_OBJC_ARC = YES;
				CLANG_WARN_BLOCK_CAPTURE_AUTORELEASING = YES;
				CLANG_WARN_BOOL_CONVERSION = YES;
				CLANG_WARN_COMMA = YES;
				CLANG_WARN_CONSTANT_CONVERSION = YES;
				CLANG_WARN_DIRECT_OBJC_ISA_USAGE = YES_ERROR;
				CLANG_WARN_DOCUMENTATION_COMMENTS = YES;
				CLANG_WARN_EMPTY_BODY = YES;
				CLANG_WARN_ENUM_CONVERSION = YES;
				CLANG_WARN_INFINITE_RECURSION = YES;
				CLANG_WARN_INT_CONVERSION = YES;
				CLANG_WARN_NON_LITERAL_NULL_CONVERSION = YES;
				CLANG_WARN_OBJC_LITERAL_CONVERSION = YES;
				CLANG_WARN_OBJC_ROOT_CLASS = YES_ERROR;
				CLANG_WARN_RANGE_LOOP_ANALYSIS = YES;
				CLANG_WARN_STRICT_PROTOTYPES = YES;
				CLANG_WARN_SUSPICIOUS_MOVE = YES;
				CLANG_WARN_UNGUARDED_AVAILABILITY = YES_AGGRESSIVE;
				CLANG_WARN_UNREACHABLE_CODE = YES;
				CLANG_WARN__DUPLICATE_METHOD_MATCH = YES;
				CODE_SIGN_IDENTITY = "iPhone Developer";
				COPY_PHASE_STRIP = NO;
				DEBUG_INFORMATION_FORMAT = "dwarf-with-dsym";
				ENABLE_BITCODE = NO;
				ENABLE_NS_ASSERTIONS = NO;
				ENABLE_STRICT_OBJC_MSGSEND = YES;
				GCC_C_LANGUAGE_STANDARD = gnu11;
				GCC_NO_COMMON_BLOCKS = YES;
				GCC_PRECOMPILE_PREFIX_HEADER = YES;
				GCC_PREFIX_HEADER = /Users/linmeini/PandoraSecret/PandoraSecret/PandoraSecret/Macro.pch;
				GCC_WARN_64_TO_32_BIT_CONVERSION = YES;
				GCC_WARN_ABOUT_RETURN_TYPE = YES_ERROR;
				GCC_WARN_UNDECLARED_SELECTOR = YES;
				GCC_WARN_UNINITIALIZED_AUTOS = YES_AGGRESSIVE;
				GCC_WARN_UNUSED_FUNCTION = YES;
				GCC_WARN_UNUSED_VARIABLE = YES;
				HEADER_SEARCH_PATHS = "";
				IPHONEOS_DEPLOYMENT_TARGET = 11.0;
				MTL_ENABLE_DEBUG_INFO = NO;
				SDKROOT = iphoneos;
				VALIDATE_PRODUCT = YES;
			};
			name = Release;
		};
		381F964C206CC3B4008E8284 /* Debug */ = {
			isa = XCBuildConfiguration;
			buildSettings = {
				ASSETCATALOG_COMPILER_APPICON_NAME = AppIcon;
				CODE_SIGN_STYLE = Automatic;
				FRAMEWORK_SEARCH_PATHS = (
					"$(inherited)",
					"$(PROJECT_DIR)/PandoraSecret/Libs/SMSSDK/SMSSDK",
					"$(PROJECT_DIR)/PandoraSecret/Libs/SMSSDK/Required",
					"$(PROJECT_DIR)/PandoraSecret/Libs/ShareSDK/ShareSDK",
					"$(PROJECT_DIR)/PandoraSecret/Libs/ShareSDK/Required",
					"$(PROJECT_DIR)/PandoraSecret/Libs/ShareSDK/ShareSDK/Support/Required",
					"$(PROJECT_DIR)/PandoraSecret/Libs/ShareSDK/ShareSDK/Support/PlatformSDK/QQSDK",
					"$(PROJECT_DIR)/PandoraSecret/Libs/ShareSDK/ShareSDK/Support/PlatformConnector",
					"$(PROJECT_DIR)/PandoraSecret/Libs/ShareSDK/ShareSDK/Support/Optional",
				);
				HEADER_SEARCH_PATHS = "";
				INFOPLIST_FILE = PandoraSecret/Info.plist;
				LD_RUNPATH_SEARCH_PATHS = "$(inherited) @executable_path/Frameworks";
				LIBRARY_SEARCH_PATHS = (
					"$(inherited)",
					"$(PROJECT_DIR)/PandoraSecret/Libs/ShareSDK/ShareSDK/Support/PlatformSDK/SinaWeiboSDK",
					"$(PROJECT_DIR)/PandoraSecret/Libs/ShareSDK/ShareSDK/Support/PlatformSDK/WeChatSDK",
				);
				OTHER_LDFLAGS = "-ObjC";
				PRODUCT_BUNDLE_IDENTIFIER = com.chengfengyang.PandoraSecret;
				PRODUCT_NAME = "$(TARGET_NAME)";
				TARGETED_DEVICE_FAMILY = "1,2";
			};
			name = Debug;
		};
		381F964D206CC3B4008E8284 /* Release */ = {
			isa = XCBuildConfiguration;
			buildSettings = {
				ASSETCATALOG_COMPILER_APPICON_NAME = AppIcon;
				CODE_SIGN_STYLE = Automatic;
				FRAMEWORK_SEARCH_PATHS = (
					"$(inherited)",
					"$(PROJECT_DIR)/PandoraSecret/Libs/SMSSDK/SMSSDK",
					"$(PROJECT_DIR)/PandoraSecret/Libs/SMSSDK/Required",
					"$(PROJECT_DIR)/PandoraSecret/Libs/ShareSDK/ShareSDK",
					"$(PROJECT_DIR)/PandoraSecret/Libs/ShareSDK/Required",
					"$(PROJECT_DIR)/PandoraSecret/Libs/ShareSDK/ShareSDK/Support/Required",
					"$(PROJECT_DIR)/PandoraSecret/Libs/ShareSDK/ShareSDK/Support/PlatformSDK/QQSDK",
					"$(PROJECT_DIR)/PandoraSecret/Libs/ShareSDK/ShareSDK/Support/PlatformConnector",
					"$(PROJECT_DIR)/PandoraSecret/Libs/ShareSDK/ShareSDK/Support/Optional",
				);
				HEADER_SEARCH_PATHS = "";
				INFOPLIST_FILE = PandoraSecret/Info.plist;
				LD_RUNPATH_SEARCH_PATHS = "$(inherited) @executable_path/Frameworks";
				LIBRARY_SEARCH_PATHS = (
					"$(inherited)",
					"$(PROJECT_DIR)/PandoraSecret/Libs/ShareSDK/ShareSDK/Support/PlatformSDK/SinaWeiboSDK",
					"$(PROJECT_DIR)/PandoraSecret/Libs/ShareSDK/ShareSDK/Support/PlatformSDK/WeChatSDK",
				);
				OTHER_LDFLAGS = "-ObjC";
				PRODUCT_BUNDLE_IDENTIFIER = com.chengfengyang.PandoraSecret;
				PRODUCT_NAME = "$(TARGET_NAME)";
				TARGETED_DEVICE_FAMILY = "1,2";
			};
			name = Release;
		};
/* End XCBuildConfiguration section */

/* Begin XCConfigurationList section */
		381F9630206CC3B4008E8284 /* Build configuration list for PBXProject "PandoraSecret" */ = {
			isa = XCConfigurationList;
			buildConfigurations = (
				381F9649206CC3B4008E8284 /* Debug */,
				381F964A206CC3B4008E8284 /* Release */,
			);
			defaultConfigurationIsVisible = 0;
			defaultConfigurationName = Release;
		};
		381F964B206CC3B4008E8284 /* Build configuration list for PBXNativeTarget "PandoraSecret" */ = {
			isa = XCConfigurationList;
			buildConfigurations = (
				381F964C206CC3B4008E8284 /* Debug */,
				381F964D206CC3B4008E8284 /* Release */,
			);
			defaultConfigurationIsVisible = 0;
			defaultConfigurationName = Release;
		};
/* End XCConfigurationList section */
	};
	rootObject = 381F962D206CC3B4008E8284 /* Project object */;
}
